<?xml version="1.0" encoding="utf-8"?>
<Project ToolsVersion="4.0" xmlns="http://schemas.microsoft.com/developer/msbuild/2003">
  <ItemGroup>
    <Filter Include="Archivos de código fuente">
      <UniqueIdentifier>{4FC737F1-C7A5-4376-A066-2A32D752A2FF}</UniqueIdentifier>
      <Extensions>cpp;c;cc;cxx;def;odl;idl;hpj;bat;asm;asmx</Extensions>
    </Filter>
    <Filter Include="Archivos de encabezado">
      <UniqueIdentifier>{93995380-89BD-4b04-88EB-625FBE52EBFB}</UniqueIdentifier>
      <Extensions>h;hpp;hxx;hm;inl;inc;xsd</Extensions>
    </Filter>
    <Filter Include="Archivos de recursos">
      <UniqueIdentifier>{67DA6AB6-F800-4c08-8B7A-83BB121AAD01}</UniqueIdentifier>
      <Extensions>rc;ico;cur;bmp;dlg;rc2;rct;bin;rgs;gif;jpg;jpeg;jpe;resx;tiff;tif;png;wav;mfcribbon-ms</Extensions>
    </Filter>
    <Filter Include="Archivos de encabezado\Foundation">
      <UniqueIdentifier>{685f6cb4-af71-48dc-87cd-05f6321eb187}</UniqueIdentifier>
    </Filter>
    <Filter Include="Archivos de encabezado\Structure">
      <UniqueIdentifier>{c9a310b3-5242-46e7-a7c6-7d18b5eb1c5d}</UniqueIdentifier>
    </Filter>
    <Filter Include="Archivos de encabezado\Structure\Builders">
      <UniqueIdentifier>{18c4825d-eff8-4068-a08b-bf1e51dce874}</UniqueIdentifier>
    </Filter>
    <Filter Include="Archivos de código fuente\Foundation">
      <UniqueIdentifier>{ea5c37ed-e5d9-4050-8be8-eee478c982f7}</UniqueIdentifier>
    </Filter>
    <Filter Include="Archivos de código fuente\Structure">
      <UniqueIdentifier>{9f1e710e-d668-48a8-912c-c692ea0f7b20}</UniqueIdentifier>
    </Filter>
    <Filter Include="Archivos de código fuente\Structure\Builders">
      <UniqueIdentifier>{0f16b76d-c66e-4397-a71a-ef3be469692d}</UniqueIdentifier>
    </Filter>
    <Filter Include="Configuration">
      <UniqueIdentifier>{84057995-0bd6-43e2-93ee-78af1ebf7ab9}</UniqueIdentifier>
    </Filter>
    <Filter Include="Data">
      <UniqueIdentifier>{069dbe81-59b6-43c9-b08e-e3ddb8e12040}</UniqueIdentifier>
    </Filter>
    <Filter Include="Data\Forms">
      <UniqueIdentifier>{40498db6-eff1-4c98-9a9a-b8161e23ca26}</UniqueIdentifier>
    </Filter>
    <Filter Include="Data\Sounds">
      <UniqueIdentifier>{e1f792f8-26f5-4cb0-a005-12cc654d57e8}</UniqueIdentifier>
    </Filter>
    <Filter Include="Data\Maps">
      <UniqueIdentifier>{e3b98412-87ff-4982-b2c7-1f1f7575c57b}</UniqueIdentifier>
    </Filter>
    <Filter Include="Archivos de código fuente\Communications">
      <UniqueIdentifier>{d490c4e0-36da-4197-b32f-70ac95d87c79}</UniqueIdentifier>
    </Filter>
    <Filter Include="Archivos de encabezado\Communications">
      <UniqueIdentifier>{86f28aa5-8dd1-4aad-b9f1-604d88aa2d0e}</UniqueIdentifier>
    </Filter>
    <Filter Include="Archivos de código fuente\Media">
      <UniqueIdentifier>{2e659f67-41ae-4915-82bd-36c7dcabacd9}</UniqueIdentifier>
    </Filter>
    <Filter Include="Archivos de código fuente\Media\Builders">
      <UniqueIdentifier>{096658db-e600-48ee-98cf-e36a9ae0a2ab}</UniqueIdentifier>
    </Filter>
    <Filter Include="Archivos de encabezado\Media">
      <UniqueIdentifier>{3e992d30-2761-4d23-85e0-96b9377ecae5}</UniqueIdentifier>
    </Filter>
    <Filter Include="Archivos de encabezado\Media\Builders">
      <UniqueIdentifier>{a0408221-2361-4101-bdf7-b52a0e1b5784}</UniqueIdentifier>
    </Filter>
    <Filter Include="Archivos de código fuente\Communications\Builders">
      <UniqueIdentifier>{eab66b81-43a2-4d26-9422-334d238ec79c}</UniqueIdentifier>
    </Filter>
    <Filter Include="Archivos de encabezado\Communications\Builders">
      <UniqueIdentifier>{0a5b35a8-d083-4ad5-b943-7b598de34370}</UniqueIdentifier>
    </Filter>
  </ItemGroup>
  <ItemGroup>
    <ClInclude Include="..\..\include\Platform\ptinclude.hpp">
      <Filter>Archivos de encabezado</Filter>
    </ClInclude>
    <ClInclude Include="..\..\include\Platform\ptdefinitions.hpp">
      <Filter>Archivos de encabezado</Filter>
    </ClInclude>
    <ClInclude Include="..\..\include\Platform\ptartists.hpp">
      <Filter>Archivos de encabezado\Structure</Filter>
    </ClInclude>
    <ClInclude Include="..\..\include\Platform\ptgame.hpp">
      <Filter>Archivos de encabezado\Structure</Filter>
    </ClInclude>
    <ClInclude Include="..\..\include\Platform\ptlayers.hpp">
      <Filter>Archivos de encabezado\Structure</Filter>
    </ClInclude>
    <ClInclude Include="..\..\include\Platform\ptmaps.hpp">
      <Filter>Archivos de encabezado\Structure</Filter>
    </ClInclude>
    <ClInclude Include="..\..\include\Platform\ptscenes.hpp">
      <Filter>Archivos de encabezado\Structure</Filter>
    </ClInclude>
    <ClInclude Include="..\..\include\Platform\pttiles.hpp">
      <Filter>Archivos de encabezado\Structure</Filter>
    </ClInclude>
    <ClInclude Include="..\..\include\Platform\ptworlds.hpp">
      <Filter>Archivos de encabezado\Structure</Filter>
    </ClInclude>
    <ClInclude Include="..\..\include\Platform\ptbuilders.hpp">
      <Filter>Archivos de encabezado\Structure\Builders</Filter>
    </ClInclude>
    <ClInclude Include="..\..\include\Platform\ptwayinmaze.hpp">
      <Filter>Archivos de encabezado\Foundation</Filter>
    </ClInclude>
  </ItemGroup>
  <ItemGroup>
    <ClCompile Include="..\..\src\ptartists.cpp">
      <Filter>Archivos de código fuente\Structure</Filter>
    </ClCompile>
    <ClCompile Include="..\..\src\ptgame.cpp">
      <Filter>Archivos de código fuente\Structure</Filter>
    </ClCompile>
    <ClCompile Include="..\..\src\ptlayers.cpp">
      <Filter>Archivos de código fuente\Structure</Filter>
    </ClCompile>
    <ClCompile Include="..\..\src\ptmaps.cpp">
      <Filter>Archivos de código fuente\Structure</Filter>
    </ClCompile>
    <ClCompile Include="..\..\src\ptscenes.cpp">
      <Filter>Archivos de código fuente\Structure</Filter>
    </ClCompile>
    <ClCompile Include="..\..\src\pttiles.cpp">
      <Filter>Archivos de código fuente\Structure</Filter>
    </ClCompile>
    <ClCompile Include="..\..\src\ptworlds.cpp">
      <Filter>Archivos de código fuente\Structure</Filter>
    </ClCompile>
    <ClCompile Include="..\..\src\ptbuilders.cpp">
      <Filter>Archivos de código fuente\Structure\Builders</Filter>
    </ClCompile>
    <ClCompile Include="..\..\src\ptwayinmaze.cpp">
      <Filter>Archivos de código fuente\Foundation</Filter>
    </ClCompile>
  </ItemGroup>
  <ItemGroup>
    <None Include="ClassDiagram.cd" />
  </ItemGroup>
  <ItemGroup>
    <Xml Include="ptentities.xml">
      <Filter>Configuration</Filter>
    </Xml>
    <Xml Include="ptforms.xml">
      <Filter>Configuration</Filter>
    </Xml>
    <Xml Include="ptgamestates.xml">
      <Filter>Configuration</Filter>
    </Xml>
    <Xml Include="ptguisystem.xml">
      <Filter>Configuration</Filter>
    </Xml>
    <Xml Include="ptmaps.xml">
      <Filter>Configuration</Filter>
    </Xml>
    <Xml Include="ptmonitor.xml">
      <Filter>Configuration</Filter>
    </Xml>
    <Xml Include="ptmovements.xml">
      <Filter>Configuration</Filter>
    </Xml>
    <Xml Include="ptobjects.xml">
      <Filter>Configuration</Filter>
    </Xml>
    <Xml Include="ptsounds.xml">
      <Filter>Configuration</Filter>
    </Xml>
    <Xml Include="ptworlds.xml">
      <Filter>Configuration</Filter>
    </Xml>
  </ItemGroup>
</Project>