
Microsoft Visual Studio Solution File, Format Version 12.00
# Visual Studio 15
VisualStudioVersion = 15.0.28307.705
MinimumVisualStudioVersion = 10.0.40219.1
Project("{2150E333-8FDC-42A3-9474-1A3956D46DE8}") = "Working Auxiliar Libs", "Working Auxiliar Libs", "{6C5BD290-DE55-45D0-A6B0-D5E86F6BDB20}"
EndProject
Project("{2150E333-8FDC-42A3-9474-1A3956D46DE8}") = "LIbraries", "LIbraries", "{47B1B510-67CC-4AEF-A451-3E85FE1F3E85}"
EndProject
Project("{2150E333-8FDC-42A3-9474-1A3956D46DE8}") = "Tests", "Tests", "{AC3102AA-16B3-4287-9B0D-D7F0D5D19467}"
EndProject
Project("{8BC9CEB8-8B4A-11D0-8D11-00A0C91BC942}") = "tinyxml", "projects\tinyxml\tinyxml.vcxproj", "{89F822A0-2CDC-48BC-B9D4-71AC51B32E8D}"
EndProject
Project("{8BC9CEB8-8B4A-11D0-8D11-00A0C91BC942}") = "tmxparser", "projects\tmxparser\tmxparser.vcxproj", "{C9093FB8-AA19-470F-BEBD-BDF6EA0709AD}"
EndProject
Project("{8BC9CEB8-8B4A-11D0-8D11-00A0C91BC942}") = "zpplib", "projects\zpplib\zpp.vcxproj", "{6B58B9BA-AA7C-4695-B0D9-EFBC988D6A6B}"
EndProject
Project("{2150E333-8FDC-42A3-9474-1A3956D46DE8}") = "QGAMES Basic Libs", "QGAMES Basic Libs", "{61FC1A9B-49D7-4EAB-B344-B05D15B994CD}"
EndProject
Project("{2150E333-8FDC-42A3-9474-1A3956D46DE8}") = "Libraries", "Libraries", "{EE54D014-68EC-47B9-97E7-FE6885901C1D}"
EndProject
Project("{2150E333-8FDC-42A3-9474-1A3956D46DE8}") = "Tests", "Tests", "{AFBAC3B6-0877-4538-AAA5-AF7FA398F976}"
EndProject
Project("{8BC9CEB8-8B4A-11D0-8D11-00A0C91BC942}") = "BoardGame", "projects\BoardGame\BoardGame.vcxproj", "{872A5ECD-34F2-48A7-8546-972ABA571A7B}"
	ProjectSection(ProjectDependencies) = postProject
		{237D8491-F3DE-48D9-B87B-43969833E6BE} = {237D8491-F3DE-48D9-B87B-43969833E6BE}
		{89F822A0-2CDC-48BC-B9D4-71AC51B32E8D} = {89F822A0-2CDC-48BC-B9D4-71AC51B32E8D}
		{C9093FB8-AA19-470F-BEBD-BDF6EA0709AD} = {C9093FB8-AA19-470F-BEBD-BDF6EA0709AD}
		{6B58B9BA-AA7C-4695-B0D9-EFBC988D6A6B} = {6B58B9BA-AA7C-4695-B0D9-EFBC988D6A6B}
	EndProjectSection
EndProject
Project("{8BC9CEB8-8B4A-11D0-8D11-00A0C91BC942}") = "Arcadelib", "projects\Arcadelib\Arcadelib.vcxproj", "{185DA9FB-FF16-4904-9B22-27B53A7E3CA4}"
	ProjectSection(ProjectDependencies) = postProject
		{237D8491-F3DE-48D9-B87B-43969833E6BE} = {237D8491-F3DE-48D9-B87B-43969833E6BE}
		{89F822A0-2CDC-48BC-B9D4-71AC51B32E8D} = {89F822A0-2CDC-48BC-B9D4-71AC51B32E8D}
		{C9093FB8-AA19-470F-BEBD-BDF6EA0709AD} = {C9093FB8-AA19-470F-BEBD-BDF6EA0709AD}
		{6B58B9BA-AA7C-4695-B0D9-EFBC988D6A6B} = {6B58B9BA-AA7C-4695-B0D9-EFBC988D6A6B}
	EndProjectSection
EndProject
Project("{8BC9CEB8-8B4A-11D0-8D11-00A0C91BC942}") = "TestRectangle", "samples\TestRectangle\TestRectangle.vcxproj", "{C45C3121-F4F1-4ECE-95B5-903BAB1883D3}"
	ProjectSection(ProjectDependencies) = postProject
		{89F822A0-2CDC-48BC-B9D4-71AC51B32E8D} = {89F822A0-2CDC-48BC-B9D4-71AC51B32E8D}
		{C9093FB8-AA19-470F-BEBD-BDF6EA0709AD} = {C9093FB8-AA19-470F-BEBD-BDF6EA0709AD}
		{6B58B9BA-AA7C-4695-B0D9-EFBC988D6A6B} = {6B58B9BA-AA7C-4695-B0D9-EFBC988D6A6B}
	EndProjectSection
EndProject
Project("{8BC9CEB8-8B4A-11D0-8D11-00A0C91BC942}") = "TestGame", "samples\TestGame\TestGame.vcxproj", "{7CF147C7-B5DB-4859-8872-844F10F41C41}"
	ProjectSection(ProjectDependencies) = postProject
		{237D8491-F3DE-48D9-B87B-43969833E6BE} = {237D8491-F3DE-48D9-B87B-43969833E6BE}
		{89F822A0-2CDC-48BC-B9D4-71AC51B32E8D} = {89F822A0-2CDC-48BC-B9D4-71AC51B32E8D}
		{C9093FB8-AA19-470F-BEBD-BDF6EA0709AD} = {C9093FB8-AA19-470F-BEBD-BDF6EA0709AD}
		{6B58B9BA-AA7C-4695-B0D9-EFBC988D6A6B} = {6B58B9BA-AA7C-4695-B0D9-EFBC988D6A6B}
	EndProjectSection
EndProject
Project("{8BC9CEB8-8B4A-11D0-8D11-00A0C91BC942}") = "TestBoard", "samples\TestBoard\TestBoard.vcxproj", "{43585D1F-AAB1-48FD-A918-C583C23714BD}"
	ProjectSection(ProjectDependencies) = postProject
		{237D8491-F3DE-48D9-B87B-43969833E6BE} = {237D8491-F3DE-48D9-B87B-43969833E6BE}
		{89F822A0-2CDC-48BC-B9D4-71AC51B32E8D} = {89F822A0-2CDC-48BC-B9D4-71AC51B32E8D}
		{C9093FB8-AA19-470F-BEBD-BDF6EA0709AD} = {C9093FB8-AA19-470F-BEBD-BDF6EA0709AD}
		{6B58B9BA-AA7C-4695-B0D9-EFBC988D6A6B} = {6B58B9BA-AA7C-4695-B0D9-EFBC988D6A6B}
		{872A5ECD-34F2-48A7-8546-972ABA571A7B} = {872A5ECD-34F2-48A7-8546-972ABA571A7B}
	EndProjectSection
EndProject
Project("{8BC9CEB8-8B4A-11D0-8D11-00A0C91BC942}") = "TestArcade", "samples\TestArcade\TestArcade.vcxproj", "{5F5024A6-0C4B-44F3-A392-68BC3FF0844F}"
	ProjectSection(ProjectDependencies) = postProject
		{237D8491-F3DE-48D9-B87B-43969833E6BE} = {237D8491-F3DE-48D9-B87B-43969833E6BE}
		{89F822A0-2CDC-48BC-B9D4-71AC51B32E8D} = {89F822A0-2CDC-48BC-B9D4-71AC51B32E8D}
		{C9093FB8-AA19-470F-BEBD-BDF6EA0709AD} = {C9093FB8-AA19-470F-BEBD-BDF6EA0709AD}
		{6B58B9BA-AA7C-4695-B0D9-EFBC988D6A6B} = {6B58B9BA-AA7C-4695-B0D9-EFBC988D6A6B}
		{185DA9FB-FF16-4904-9B22-27B53A7E3CA4} = {185DA9FB-FF16-4904-9B22-27B53A7E3CA4}
	EndProjectSection
EndProject
Project("{2150E333-8FDC-42A3-9474-1A3956D46DE8}") = "Sound Systems", "Sound Systems", "{A43A5CA5-DEB5-4F3D-8B87-BCBB2D1908F8}"
EndProject
Project("{2150E333-8FDC-42A3-9474-1A3956D46DE8}") = "Libraries", "Libraries", "{4C150985-02CA-4B90-A785-B04ECDBBBD6D}"
EndProject
Project("{2150E333-8FDC-42A3-9474-1A3956D46DE8}") = "Tests", "Tests", "{BC827DE8-A9BB-4548-928A-A426C0EEF35E}"
EndProject
Project("{8BC9CEB8-8B4A-11D0-8D11-00A0C91BC942}") = "FMOD", "projects\FMOD\FMOD.vcxproj", "{BA6A4471-40FA-45A7-8C27-A22D185B26A2}"
	ProjectSection(ProjectDependencies) = postProject
		{89F822A0-2CDC-48BC-B9D4-71AC51B32E8D} = {89F822A0-2CDC-48BC-B9D4-71AC51B32E8D}
		{C9093FB8-AA19-470F-BEBD-BDF6EA0709AD} = {C9093FB8-AA19-470F-BEBD-BDF6EA0709AD}
		{6B58B9BA-AA7C-4695-B0D9-EFBC988D6A6B} = {6B58B9BA-AA7C-4695-B0D9-EFBC988D6A6B}
	EndProjectSection
EndProject
Project("{2150E333-8FDC-42A3-9474-1A3956D46DE8}") = "Graphic Systems", "Graphic Systems", "{63A7B443-B75D-4FB5-8A32-F42E9808077A}"
EndProject
Project("{2150E333-8FDC-42A3-9474-1A3956D46DE8}") = "OGRE", "OGRE", "{15D64F4D-8B96-43F3-A764-1A390C990AEB}"
EndProject
Project("{2150E333-8FDC-42A3-9474-1A3956D46DE8}") = "SDL", "SDL", "{375EB831-9412-4381-B56E-01BC48117A52}"
EndProject
Project("{2150E333-8FDC-42A3-9474-1A3956D46DE8}") = "Libraries", "Libraries", "{14FC9CD8-91B0-425C-A334-6AA38CD2FF71}"
EndProject
Project("{2150E333-8FDC-42A3-9474-1A3956D46DE8}") = "Tests", "Tests", "{A4D7C435-B01F-4232-8C9C-70F8523F4130}"
EndProject
Project("{2150E333-8FDC-42A3-9474-1A3956D46DE8}") = "Libraries", "Libraries", "{454B547C-058E-496E-80FD-91A8B8120DA6}"
EndProject
Project("{2150E333-8FDC-42A3-9474-1A3956D46DE8}") = "Tests", "Tests", "{E27FF32C-D9C8-402D-A902-933EE86FE33A}"
EndProject
Project("{8BC9CEB8-8B4A-11D0-8D11-00A0C91BC942}") = "CommonOGRE", "projects\CommonOGRE\CommonOGRE.vcxproj", "{14B9EDAD-24DA-47BE-8FD9-A14969854F98}"
	ProjectSection(ProjectDependencies) = postProject
		{BA6A4471-40FA-45A7-8C27-A22D185B26A2} = {BA6A4471-40FA-45A7-8C27-A22D185B26A2}
		{237D8491-F3DE-48D9-B87B-43969833E6BE} = {237D8491-F3DE-48D9-B87B-43969833E6BE}
		{89F822A0-2CDC-48BC-B9D4-71AC51B32E8D} = {89F822A0-2CDC-48BC-B9D4-71AC51B32E8D}
		{C9093FB8-AA19-470F-BEBD-BDF6EA0709AD} = {C9093FB8-AA19-470F-BEBD-BDF6EA0709AD}
		{6B58B9BA-AA7C-4695-B0D9-EFBC988D6A6B} = {6B58B9BA-AA7C-4695-B0D9-EFBC988D6A6B}
	EndProjectSection
EndProject
Project("{8BC9CEB8-8B4A-11D0-8D11-00A0C91BC942}") = "TestCommonOGRE", "samples\TestCommonOGRE\TestCommonOGRE.vcxproj", "{4D573F92-E915-4065-A8E1-4C0260D329E3}"
	ProjectSection(ProjectDependencies) = postProject
		{BA6A4471-40FA-45A7-8C27-A22D185B26A2} = {BA6A4471-40FA-45A7-8C27-A22D185B26A2}
		{237D8491-F3DE-48D9-B87B-43969833E6BE} = {237D8491-F3DE-48D9-B87B-43969833E6BE}
		{89F822A0-2CDC-48BC-B9D4-71AC51B32E8D} = {89F822A0-2CDC-48BC-B9D4-71AC51B32E8D}
		{14B9EDAD-24DA-47BE-8FD9-A14969854F98} = {14B9EDAD-24DA-47BE-8FD9-A14969854F98}
		{C9093FB8-AA19-470F-BEBD-BDF6EA0709AD} = {C9093FB8-AA19-470F-BEBD-BDF6EA0709AD}
		{6B58B9BA-AA7C-4695-B0D9-EFBC988D6A6B} = {6B58B9BA-AA7C-4695-B0D9-EFBC988D6A6B}
		{185DA9FB-FF16-4904-9B22-27B53A7E3CA4} = {185DA9FB-FF16-4904-9B22-27B53A7E3CA4}
	EndProjectSection
EndProject
Project("{8BC9CEB8-8B4A-11D0-8D11-00A0C91BC942}") = "CommonSDL", "projects\CommonSDL\CommonSDL.vcxproj", "{590695BB-914D-4940-A562-AE099F81193F}"
	ProjectSection(ProjectDependencies) = postProject
		{BA6A4471-40FA-45A7-8C27-A22D185B26A2} = {BA6A4471-40FA-45A7-8C27-A22D185B26A2}
		{237D8491-F3DE-48D9-B87B-43969833E6BE} = {237D8491-F3DE-48D9-B87B-43969833E6BE}
		{89F822A0-2CDC-48BC-B9D4-71AC51B32E8D} = {89F822A0-2CDC-48BC-B9D4-71AC51B32E8D}
		{C9093FB8-AA19-470F-BEBD-BDF6EA0709AD} = {C9093FB8-AA19-470F-BEBD-BDF6EA0709AD}
		{6B58B9BA-AA7C-4695-B0D9-EFBC988D6A6B} = {6B58B9BA-AA7C-4695-B0D9-EFBC988D6A6B}
	EndProjectSection
EndProject
Project("{8BC9CEB8-8B4A-11D0-8D11-00A0C91BC942}") = "TestSDL", "samples\TestSDL\TestSDL.vcxproj", "{9E9D67F4-A583-403E-A220-830E692E1E4E}"
	ProjectSection(ProjectDependencies) = postProject
		{BA6A4471-40FA-45A7-8C27-A22D185B26A2} = {BA6A4471-40FA-45A7-8C27-A22D185B26A2}
		{237D8491-F3DE-48D9-B87B-43969833E6BE} = {237D8491-F3DE-48D9-B87B-43969833E6BE}
		{89F822A0-2CDC-48BC-B9D4-71AC51B32E8D} = {89F822A0-2CDC-48BC-B9D4-71AC51B32E8D}
		{C9093FB8-AA19-470F-BEBD-BDF6EA0709AD} = {C9093FB8-AA19-470F-BEBD-BDF6EA0709AD}
		{6B58B9BA-AA7C-4695-B0D9-EFBC988D6A6B} = {6B58B9BA-AA7C-4695-B0D9-EFBC988D6A6B}
		{590695BB-914D-4940-A562-AE099F81193F} = {590695BB-914D-4940-A562-AE099F81193F}
		{185DA9FB-FF16-4904-9B22-27B53A7E3CA4} = {185DA9FB-FF16-4904-9B22-27B53A7E3CA4}
	EndProjectSection
EndProject
Project("{2150E333-8FDC-42A3-9474-1A3956D46DE8}") = "FMOD", "FMOD", "{E6494C68-5E47-4774-B267-7CC68C511A41}"
EndProject
Project("{2150E333-8FDC-42A3-9474-1A3956D46DE8}") = "QGAMES Advanced Libs", "QGAMES Advanced Libs", "{00E3F9D4-72B0-466B-9227-08242C0DB311}"
EndProject
Project("{2150E333-8FDC-42A3-9474-1A3956D46DE8}") = "Libraries", "Libraries", "{7B95DC95-359B-46F4-BCC3-01B8618EC9F2}"
EndProject
Project("{2150E333-8FDC-42A3-9474-1A3956D46DE8}") = "Tests", "Tests", "{F75DD37E-DF62-4B07-A759-39E50439C0EA}"
EndProject
Project("{8BC9CEB8-8B4A-11D0-8D11-00A0C91BC942}") = "AdvancedArcadeLib", "projects\AdvancedArcadeLib\AdvancedArcadeLib.vcxproj", "{4E74730D-4C27-497F-89CE-A2B2F29CC3FF}"
	ProjectSection(ProjectDependencies) = postProject
		{B6BA131B-3E03-4CA1-98D0-B6507F26C087} = {B6BA131B-3E03-4CA1-98D0-B6507F26C087}
		{BA6A4471-40FA-45A7-8C27-A22D185B26A2} = {BA6A4471-40FA-45A7-8C27-A22D185B26A2}
		{237D8491-F3DE-48D9-B87B-43969833E6BE} = {237D8491-F3DE-48D9-B87B-43969833E6BE}
		{89F822A0-2CDC-48BC-B9D4-71AC51B32E8D} = {89F822A0-2CDC-48BC-B9D4-71AC51B32E8D}
		{14B9EDAD-24DA-47BE-8FD9-A14969854F98} = {14B9EDAD-24DA-47BE-8FD9-A14969854F98}
		{C9093FB8-AA19-470F-BEBD-BDF6EA0709AD} = {C9093FB8-AA19-470F-BEBD-BDF6EA0709AD}
		{6B58B9BA-AA7C-4695-B0D9-EFBC988D6A6B} = {6B58B9BA-AA7C-4695-B0D9-EFBC988D6A6B}
		{590695BB-914D-4940-A562-AE099F81193F} = {590695BB-914D-4940-A562-AE099F81193F}
		{185DA9FB-FF16-4904-9B22-27B53A7E3CA4} = {185DA9FB-FF16-4904-9B22-27B53A7E3CA4}
	EndProjectSection
EndProject
Project("{8BC9CEB8-8B4A-11D0-8D11-00A0C91BC942}") = "PlatformGameLib", "projects\PlatformGameLib\PlatformGameLib.vcxproj", "{CEC0E4EA-49F5-4E0A-936B-ABD8BC4C7E33}"
	ProjectSection(ProjectDependencies) = postProject
		{4E74730D-4C27-497F-89CE-A2B2F29CC3FF} = {4E74730D-4C27-497F-89CE-A2B2F29CC3FF}
		{B6BA131B-3E03-4CA1-98D0-B6507F26C087} = {B6BA131B-3E03-4CA1-98D0-B6507F26C087}
		{BA6A4471-40FA-45A7-8C27-A22D185B26A2} = {BA6A4471-40FA-45A7-8C27-A22D185B26A2}
		{237D8491-F3DE-48D9-B87B-43969833E6BE} = {237D8491-F3DE-48D9-B87B-43969833E6BE}
		{89F822A0-2CDC-48BC-B9D4-71AC51B32E8D} = {89F822A0-2CDC-48BC-B9D4-71AC51B32E8D}
		{14B9EDAD-24DA-47BE-8FD9-A14969854F98} = {14B9EDAD-24DA-47BE-8FD9-A14969854F98}
		{C9093FB8-AA19-470F-BEBD-BDF6EA0709AD} = {C9093FB8-AA19-470F-BEBD-BDF6EA0709AD}
		{6B58B9BA-AA7C-4695-B0D9-EFBC988D6A6B} = {6B58B9BA-AA7C-4695-B0D9-EFBC988D6A6B}
		{590695BB-914D-4940-A562-AE099F81193F} = {590695BB-914D-4940-A562-AE099F81193F}
		{185DA9FB-FF16-4904-9B22-27B53A7E3CA4} = {185DA9FB-FF16-4904-9B22-27B53A7E3CA4}
	EndProjectSection
EndProject
Project("{8BC9CEB8-8B4A-11D0-8D11-00A0C91BC942}") = "DragonwindLikeLib", "projects\DragonwindLikeLib\DragonwindLikeLib.vcxproj", "{CA97F64B-3B19-4E02-9664-DB623309CEBE}"
	ProjectSection(ProjectDependencies) = postProject
		{4E74730D-4C27-497F-89CE-A2B2F29CC3FF} = {4E74730D-4C27-497F-89CE-A2B2F29CC3FF}
		{B6BA131B-3E03-4CA1-98D0-B6507F26C087} = {B6BA131B-3E03-4CA1-98D0-B6507F26C087}
		{BA6A4471-40FA-45A7-8C27-A22D185B26A2} = {BA6A4471-40FA-45A7-8C27-A22D185B26A2}
		{237D8491-F3DE-48D9-B87B-43969833E6BE} = {237D8491-F3DE-48D9-B87B-43969833E6BE}
		{89F822A0-2CDC-48BC-B9D4-71AC51B32E8D} = {89F822A0-2CDC-48BC-B9D4-71AC51B32E8D}
		{14B9EDAD-24DA-47BE-8FD9-A14969854F98} = {14B9EDAD-24DA-47BE-8FD9-A14969854F98}
		{C9093FB8-AA19-470F-BEBD-BDF6EA0709AD} = {C9093FB8-AA19-470F-BEBD-BDF6EA0709AD}
		{6B58B9BA-AA7C-4695-B0D9-EFBC988D6A6B} = {6B58B9BA-AA7C-4695-B0D9-EFBC988D6A6B}
		{590695BB-914D-4940-A562-AE099F81193F} = {590695BB-914D-4940-A562-AE099F81193F}
		{CEC0E4EA-49F5-4E0A-936B-ABD8BC4C7E33} = {CEC0E4EA-49F5-4E0A-936B-ABD8BC4C7E33}
		{185DA9FB-FF16-4904-9B22-27B53A7E3CA4} = {185DA9FB-FF16-4904-9B22-27B53A7E3CA4}
	EndProjectSection
EndProject
Project("{8BC9CEB8-8B4A-11D0-8D11-00A0C91BC942}") = "TestAdArcade", "samples\TestAdArcade\TestAdArcade.vcxproj", "{3E867A40-B349-4CCF-85E4-CB32C19D42C5}"
	ProjectSection(ProjectDependencies) = postProject
		{4E74730D-4C27-497F-89CE-A2B2F29CC3FF} = {4E74730D-4C27-497F-89CE-A2B2F29CC3FF}
		{BA6A4471-40FA-45A7-8C27-A22D185B26A2} = {BA6A4471-40FA-45A7-8C27-A22D185B26A2}
		{237D8491-F3DE-48D9-B87B-43969833E6BE} = {237D8491-F3DE-48D9-B87B-43969833E6BE}
		{89F822A0-2CDC-48BC-B9D4-71AC51B32E8D} = {89F822A0-2CDC-48BC-B9D4-71AC51B32E8D}
		{C9093FB8-AA19-470F-BEBD-BDF6EA0709AD} = {C9093FB8-AA19-470F-BEBD-BDF6EA0709AD}
		{6B58B9BA-AA7C-4695-B0D9-EFBC988D6A6B} = {6B58B9BA-AA7C-4695-B0D9-EFBC988D6A6B}
		{590695BB-914D-4940-A562-AE099F81193F} = {590695BB-914D-4940-A562-AE099F81193F}
		{185DA9FB-FF16-4904-9B22-27B53A7E3CA4} = {185DA9FB-FF16-4904-9B22-27B53A7E3CA4}
	EndProjectSection
EndProject
Project("{8BC9CEB8-8B4A-11D0-8D11-00A0C91BC942}") = "TestPlatformGame", "samples\TestPlatformGame\TestPlatformGame.vcxproj", "{27CEE156-37C8-42DE-B7EA-AADE45D8D4AD}"
	ProjectSection(ProjectDependencies) = postProject
		{4E74730D-4C27-497F-89CE-A2B2F29CC3FF} = {4E74730D-4C27-497F-89CE-A2B2F29CC3FF}
		{BA6A4471-40FA-45A7-8C27-A22D185B26A2} = {BA6A4471-40FA-45A7-8C27-A22D185B26A2}
		{237D8491-F3DE-48D9-B87B-43969833E6BE} = {237D8491-F3DE-48D9-B87B-43969833E6BE}
		{89F822A0-2CDC-48BC-B9D4-71AC51B32E8D} = {89F822A0-2CDC-48BC-B9D4-71AC51B32E8D}
		{C9093FB8-AA19-470F-BEBD-BDF6EA0709AD} = {C9093FB8-AA19-470F-BEBD-BDF6EA0709AD}
		{6B58B9BA-AA7C-4695-B0D9-EFBC988D6A6B} = {6B58B9BA-AA7C-4695-B0D9-EFBC988D6A6B}
		{590695BB-914D-4940-A562-AE099F81193F} = {590695BB-914D-4940-A562-AE099F81193F}
		{CEC0E4EA-49F5-4E0A-936B-ABD8BC4C7E33} = {CEC0E4EA-49F5-4E0A-936B-ABD8BC4C7E33}
		{185DA9FB-FF16-4904-9B22-27B53A7E3CA4} = {185DA9FB-FF16-4904-9B22-27B53A7E3CA4}
	EndProjectSection
EndProject
Project("{8BC9CEB8-8B4A-11D0-8D11-00A0C91BC942}") = "TestDragonwind", "samples\TestDragonwind\TestDragonwind.vcxproj", "{6BBDF129-2ABF-4B87-BD07-A383C1C108A0}"
	ProjectSection(ProjectDependencies) = postProject
		{4E74730D-4C27-497F-89CE-A2B2F29CC3FF} = {4E74730D-4C27-497F-89CE-A2B2F29CC3FF}
		{B6BA131B-3E03-4CA1-98D0-B6507F26C087} = {B6BA131B-3E03-4CA1-98D0-B6507F26C087}
		{CA97F64B-3B19-4E02-9664-DB623309CEBE} = {CA97F64B-3B19-4E02-9664-DB623309CEBE}
		{BA6A4471-40FA-45A7-8C27-A22D185B26A2} = {BA6A4471-40FA-45A7-8C27-A22D185B26A2}
		{237D8491-F3DE-48D9-B87B-43969833E6BE} = {237D8491-F3DE-48D9-B87B-43969833E6BE}
		{89F822A0-2CDC-48BC-B9D4-71AC51B32E8D} = {89F822A0-2CDC-48BC-B9D4-71AC51B32E8D}
		{C9093FB8-AA19-470F-BEBD-BDF6EA0709AD} = {C9093FB8-AA19-470F-BEBD-BDF6EA0709AD}
		{6B58B9BA-AA7C-4695-B0D9-EFBC988D6A6B} = {6B58B9BA-AA7C-4695-B0D9-EFBC988D6A6B}
		{590695BB-914D-4940-A562-AE099F81193F} = {590695BB-914D-4940-A562-AE099F81193F}
		{CEC0E4EA-49F5-4E0A-936B-ABD8BC4C7E33} = {CEC0E4EA-49F5-4E0A-936B-ABD8BC4C7E33}
		{185DA9FB-FF16-4904-9B22-27B53A7E3CA4} = {185DA9FB-FF16-4904-9B22-27B53A7E3CA4}
	EndProjectSection
EndProject
Project("{2150E333-8FDC-42A3-9474-1A3956D46DE8}") = "Working General", "Working General", "{2BB295D3-A2FA-456D-84B2-727E3279060B}"
	ProjectSection(SolutionItems) = preProject
		projects\ActualizeInfo.bat = projects\ActualizeInfo.bat
		samples\ActualizeInfo.bat = samples\ActualizeInfo.bat
		all.bat = all.bat
		include\doxy.hpp = include\doxy.hpp
		QGAMES.docx = QGAMES.docx
		setups\setups.bat = setups\setups.bat
	EndProjectSection
EndProject
Project("{2150E333-8FDC-42A3-9474-1A3956D46DE8}") = "Third Party Systems", "Third Party Systems", "{59AE1E71-5B9B-4EFF-8C47-3C7139D36001}"
EndProject
Project("{2150E333-8FDC-42A3-9474-1A3956D46DE8}") = "Working Tests", "Working Tests", "{5A21B7DB-EB4A-4045-82B9-E3C175672255}"
EndProject
Project("{8BC9CEB8-8B4A-11D0-8D11-00A0C91BC942}") = "BasicOgre", "testing\BasicOgre\BasicOgre.vcxproj", "{5AF9B356-0485-4368-9EDE-19AB4C1CA1C8}"
EndProject
Project("{8BC9CEB8-8B4A-11D0-8D11-00A0C91BC942}") = "BasicSDL", "testing\BasicSDL\BasicSDL.vcxproj", "{206D676A-5290-4080-81C9-2191B82B5F55}"
EndProject
Project("{8BC9CEB8-8B4A-11D0-8D11-00A0C91BC942}") = "zipTest", "testing\zipTest\zipTest.vcxproj", "{9CCA5CDA-633E-41DB-8669-9464A254EEF2}"
EndProject
Project("{2150E333-8FDC-42A3-9474-1A3956D46DE8}") = "QGAMES Game Types", "QGAMES Game Types", "{4CB31535-3655-470A-B187-41E461D0BAF1}"
EndProject
Project("{2150E333-8FDC-42A3-9474-1A3956D46DE8}") = "Libraries", "Libraries", "{2FEFBAD4-68BD-48D2-8457-62CAB4CA8B25}"
EndProject
Project("{2150E333-8FDC-42A3-9474-1A3956D46DE8}") = "Tests", "Tests", "{F945F0C8-D7B8-45C0-8B17-94BE71801180}"
EndProject
Project("{2150E333-8FDC-42A3-9474-1A3956D46DE8}") = "Communication Systems", "Communication Systems", "{B8F22411-210F-4CE5-A61B-060DF4DF4D1E}"
EndProject
Project("{2150E333-8FDC-42A3-9474-1A3956D46DE8}") = "RAKNET", "RAKNET", "{DCF596AB-9B17-47CD-B102-3123DEB4385E}"
EndProject
Project("{2150E333-8FDC-42A3-9474-1A3956D46DE8}") = "Libraries", "Libraries", "{B14FAFE2-6CDB-4C1C-909C-D8742111209A}"
EndProject
Project("{2150E333-8FDC-42A3-9474-1A3956D46DE8}") = "Tests", "Tests", "{CB28D7CC-AABD-41DB-90B0-1DCC3B30ABA3}"
EndProject
Project("{8BC9CEB8-8B4A-11D0-8D11-00A0C91BC942}") = "RackNet", "projects\RackNet\RackNet.vcxproj", "{B6BA131B-3E03-4CA1-98D0-B6507F26C087}"
	ProjectSection(ProjectDependencies) = postProject
		{237D8491-F3DE-48D9-B87B-43969833E6BE} = {237D8491-F3DE-48D9-B87B-43969833E6BE}
	EndProjectSection
EndProject
Project("{8BC9CEB8-8B4A-11D0-8D11-00A0C91BC942}") = "BattleshipLikeLib", "projects\BattleshipLikeLib\BattleshipLikeLib.vcxproj", "{0D463DBB-43BE-4CFE-AF35-E4BEAF08E86A}"
	ProjectSection(ProjectDependencies) = postProject
		{4E74730D-4C27-497F-89CE-A2B2F29CC3FF} = {4E74730D-4C27-497F-89CE-A2B2F29CC3FF}
		{B6BA131B-3E03-4CA1-98D0-B6507F26C087} = {B6BA131B-3E03-4CA1-98D0-B6507F26C087}
		{BA6A4471-40FA-45A7-8C27-A22D185B26A2} = {BA6A4471-40FA-45A7-8C27-A22D185B26A2}
		{237D8491-F3DE-48D9-B87B-43969833E6BE} = {237D8491-F3DE-48D9-B87B-43969833E6BE}
		{89F822A0-2CDC-48BC-B9D4-71AC51B32E8D} = {89F822A0-2CDC-48BC-B9D4-71AC51B32E8D}
		{14B9EDAD-24DA-47BE-8FD9-A14969854F98} = {14B9EDAD-24DA-47BE-8FD9-A14969854F98}
		{C9093FB8-AA19-470F-BEBD-BDF6EA0709AD} = {C9093FB8-AA19-470F-BEBD-BDF6EA0709AD}
		{6B58B9BA-AA7C-4695-B0D9-EFBC988D6A6B} = {6B58B9BA-AA7C-4695-B0D9-EFBC988D6A6B}
		{590695BB-914D-4940-A562-AE099F81193F} = {590695BB-914D-4940-A562-AE099F81193F}
		{185DA9FB-FF16-4904-9B22-27B53A7E3CA4} = {185DA9FB-FF16-4904-9B22-27B53A7E3CA4}
	EndProjectSection
EndProject
Project("{8BC9CEB8-8B4A-11D0-8D11-00A0C91BC942}") = "TestBattleship", "samples\TestBattleship\TestBattleship.vcxproj", "{8D8FF076-A109-4E2F-AC68-8BE3686A76EF}"
	ProjectSection(ProjectDependencies) = postProject
		{4E74730D-4C27-497F-89CE-A2B2F29CC3FF} = {4E74730D-4C27-497F-89CE-A2B2F29CC3FF}
		{B6BA131B-3E03-4CA1-98D0-B6507F26C087} = {B6BA131B-3E03-4CA1-98D0-B6507F26C087}
		{BA6A4471-40FA-45A7-8C27-A22D185B26A2} = {BA6A4471-40FA-45A7-8C27-A22D185B26A2}
		{237D8491-F3DE-48D9-B87B-43969833E6BE} = {237D8491-F3DE-48D9-B87B-43969833E6BE}
		{89F822A0-2CDC-48BC-B9D4-71AC51B32E8D} = {89F822A0-2CDC-48BC-B9D4-71AC51B32E8D}
		{14B9EDAD-24DA-47BE-8FD9-A14969854F98} = {14B9EDAD-24DA-47BE-8FD9-A14969854F98}
		{C9093FB8-AA19-470F-BEBD-BDF6EA0709AD} = {C9093FB8-AA19-470F-BEBD-BDF6EA0709AD}
		{6B58B9BA-AA7C-4695-B0D9-EFBC988D6A6B} = {6B58B9BA-AA7C-4695-B0D9-EFBC988D6A6B}
		{0D463DBB-43BE-4CFE-AF35-E4BEAF08E86A} = {0D463DBB-43BE-4CFE-AF35-E4BEAF08E86A}
		{590695BB-914D-4940-A562-AE099F81193F} = {590695BB-914D-4940-A562-AE099F81193F}
		{185DA9FB-FF16-4904-9B22-27B53A7E3CA4} = {185DA9FB-FF16-4904-9B22-27B53A7E3CA4}
	EndProjectSection
EndProject
Project("{8BC9CEB8-8B4A-11D0-8D11-00A0C91BC942}") = "RoomGameLib", "projects\RoomGameLib\RoomGameLib.vcxproj", "{4F4177BB-583F-4FE1-8C76-B3DBDA6D40F4}"
	ProjectSection(ProjectDependencies) = postProject
		{4E74730D-4C27-497F-89CE-A2B2F29CC3FF} = {4E74730D-4C27-497F-89CE-A2B2F29CC3FF}
		{B6BA131B-3E03-4CA1-98D0-B6507F26C087} = {B6BA131B-3E03-4CA1-98D0-B6507F26C087}
		{BA6A4471-40FA-45A7-8C27-A22D185B26A2} = {BA6A4471-40FA-45A7-8C27-A22D185B26A2}
		{237D8491-F3DE-48D9-B87B-43969833E6BE} = {237D8491-F3DE-48D9-B87B-43969833E6BE}
		{89F822A0-2CDC-48BC-B9D4-71AC51B32E8D} = {89F822A0-2CDC-48BC-B9D4-71AC51B32E8D}
		{14B9EDAD-24DA-47BE-8FD9-A14969854F98} = {14B9EDAD-24DA-47BE-8FD9-A14969854F98}
		{C9093FB8-AA19-470F-BEBD-BDF6EA0709AD} = {C9093FB8-AA19-470F-BEBD-BDF6EA0709AD}
		{6B58B9BA-AA7C-4695-B0D9-EFBC988D6A6B} = {6B58B9BA-AA7C-4695-B0D9-EFBC988D6A6B}
		{590695BB-914D-4940-A562-AE099F81193F} = {590695BB-914D-4940-A562-AE099F81193F}
		{CEC0E4EA-49F5-4E0A-936B-ABD8BC4C7E33} = {CEC0E4EA-49F5-4E0A-936B-ABD8BC4C7E33}
		{185DA9FB-FF16-4904-9B22-27B53A7E3CA4} = {185DA9FB-FF16-4904-9B22-27B53A7E3CA4}
	EndProjectSection
EndProject
Project("{8BC9CEB8-8B4A-11D0-8D11-00A0C91BC942}") = "TestRoomGame", "samples\TestRoomGame\TestRoomGame.vcxproj", "{9FDFDF54-01F6-4E9E-8249-7F379FD0BFDC}"
	ProjectSection(ProjectDependencies) = postProject
		{4E74730D-4C27-497F-89CE-A2B2F29CC3FF} = {4E74730D-4C27-497F-89CE-A2B2F29CC3FF}
		{B6BA131B-3E03-4CA1-98D0-B6507F26C087} = {B6BA131B-3E03-4CA1-98D0-B6507F26C087}
		{BA6A4471-40FA-45A7-8C27-A22D185B26A2} = {BA6A4471-40FA-45A7-8C27-A22D185B26A2}
		{237D8491-F3DE-48D9-B87B-43969833E6BE} = {237D8491-F3DE-48D9-B87B-43969833E6BE}
		{89F822A0-2CDC-48BC-B9D4-71AC51B32E8D} = {89F822A0-2CDC-48BC-B9D4-71AC51B32E8D}
		{C9093FB8-AA19-470F-BEBD-BDF6EA0709AD} = {C9093FB8-AA19-470F-BEBD-BDF6EA0709AD}
		{6B58B9BA-AA7C-4695-B0D9-EFBC988D6A6B} = {6B58B9BA-AA7C-4695-B0D9-EFBC988D6A6B}
		{4F4177BB-583F-4FE1-8C76-B3DBDA6D40F4} = {4F4177BB-583F-4FE1-8C76-B3DBDA6D40F4}
		{590695BB-914D-4940-A562-AE099F81193F} = {590695BB-914D-4940-A562-AE099F81193F}
		{CEC0E4EA-49F5-4E0A-936B-ABD8BC4C7E33} = {CEC0E4EA-49F5-4E0A-936B-ABD8BC4C7E33}
		{185DA9FB-FF16-4904-9B22-27B53A7E3CA4} = {185DA9FB-FF16-4904-9B22-27B53A7E3CA4}
	EndProjectSection
EndProject
Project("{2150E333-8FDC-42A3-9474-1A3956D46DE8}") = "Templates", "Templates", "{9DA619BE-8267-4343-B0C0-E3865C6C8ABE}"
EndProject
Project("{8BC9CEB8-8B4A-11D0-8D11-00A0C91BC942}") = "QGAMESEmptyTemplate", "projects\QGAMESEmptyTemplate\QGAMESEmptyTemplate.vcxproj", "{66C1E75C-4860-414A-812F-26FE590AA7B6}"
	ProjectSection(ProjectDependencies) = postProject
		{4E74730D-4C27-497F-89CE-A2B2F29CC3FF} = {4E74730D-4C27-497F-89CE-A2B2F29CC3FF}
		{B6BA131B-3E03-4CA1-98D0-B6507F26C087} = {B6BA131B-3E03-4CA1-98D0-B6507F26C087}
		{237D8491-F3DE-48D9-B87B-43969833E6BE} = {237D8491-F3DE-48D9-B87B-43969833E6BE}
		{89F822A0-2CDC-48BC-B9D4-71AC51B32E8D} = {89F822A0-2CDC-48BC-B9D4-71AC51B32E8D}
		{14B9EDAD-24DA-47BE-8FD9-A14969854F98} = {14B9EDAD-24DA-47BE-8FD9-A14969854F98}
		{C9093FB8-AA19-470F-BEBD-BDF6EA0709AD} = {C9093FB8-AA19-470F-BEBD-BDF6EA0709AD}
		{6B58B9BA-AA7C-4695-B0D9-EFBC988D6A6B} = {6B58B9BA-AA7C-4695-B0D9-EFBC988D6A6B}
		{4F4177BB-583F-4FE1-8C76-B3DBDA6D40F4} = {4F4177BB-583F-4FE1-8C76-B3DBDA6D40F4}
		{590695BB-914D-4940-A562-AE099F81193F} = {590695BB-914D-4940-A562-AE099F81193F}
		{CEC0E4EA-49F5-4E0A-936B-ABD8BC4C7E33} = {CEC0E4EA-49F5-4E0A-936B-ABD8BC4C7E33}
		{185DA9FB-FF16-4904-9B22-27B53A7E3CA4} = {185DA9FB-FF16-4904-9B22-27B53A7E3CA4}
	EndProjectSection
EndProject
Project("{8BC9CEB8-8B4A-11D0-8D11-00A0C91BC942}") = "C11Examples", "testing\C11Examples\C11Examples.vcxproj", "{E5491A54-2595-4064-BD52-FB2DD76E0073}"
EndProject
Project("{8BC9CEB8-8B4A-11D0-8D11-00A0C91BC942}") = "TestProjections", "samples\TestProjections\TestProjections.vcxproj", "{44B9E217-B9B6-4227-96C7-8A4270FE225C}"
	ProjectSection(ProjectDependencies) = postProject
		{206D676A-5290-4080-81C9-2191B82B5F55} = {206D676A-5290-4080-81C9-2191B82B5F55}
		{237D8491-F3DE-48D9-B87B-43969833E6BE} = {237D8491-F3DE-48D9-B87B-43969833E6BE}
		{89F822A0-2CDC-48BC-B9D4-71AC51B32E8D} = {89F822A0-2CDC-48BC-B9D4-71AC51B32E8D}
		{C9093FB8-AA19-470F-BEBD-BDF6EA0709AD} = {C9093FB8-AA19-470F-BEBD-BDF6EA0709AD}
		{6B58B9BA-AA7C-4695-B0D9-EFBC988D6A6B} = {6B58B9BA-AA7C-4695-B0D9-EFBC988D6A6B}
		{590695BB-914D-4940-A562-AE099F81193F} = {590695BB-914D-4940-A562-AE099F81193F}
		{872A5ECD-34F2-48A7-8546-972ABA571A7B} = {872A5ECD-34F2-48A7-8546-972ABA571A7B}
		{185DA9FB-FF16-4904-9B22-27B53A7E3CA4} = {185DA9FB-FF16-4904-9B22-27B53A7E3CA4}
	EndProjectSection
EndProject
Project("{8BC9CEB8-8B4A-11D0-8D11-00A0C91BC942}") = "TestIsometricTile", "samples\TestIsometricTile\TestIsometricTile.vcxproj", "{4F2645D6-51E3-4062-BD57-8B564A1E5F34}"
	ProjectSection(ProjectDependencies) = postProject
		{206D676A-5290-4080-81C9-2191B82B5F55} = {206D676A-5290-4080-81C9-2191B82B5F55}
		{237D8491-F3DE-48D9-B87B-43969833E6BE} = {237D8491-F3DE-48D9-B87B-43969833E6BE}
		{89F822A0-2CDC-48BC-B9D4-71AC51B32E8D} = {89F822A0-2CDC-48BC-B9D4-71AC51B32E8D}
		{C9093FB8-AA19-470F-BEBD-BDF6EA0709AD} = {C9093FB8-AA19-470F-BEBD-BDF6EA0709AD}
		{6B58B9BA-AA7C-4695-B0D9-EFBC988D6A6B} = {6B58B9BA-AA7C-4695-B0D9-EFBC988D6A6B}
		{590695BB-914D-4940-A562-AE099F81193F} = {590695BB-914D-4940-A562-AE099F81193F}
		{185DA9FB-FF16-4904-9B22-27B53A7E3CA4} = {185DA9FB-FF16-4904-9B22-27B53A7E3CA4}
	EndProjectSection
EndProject
Project("{8BC9CEB8-8B4A-11D0-8D11-00A0C91BC942}") = "Commonlib", "projects\Commonlib\Common.vcxproj", "{237D8491-F3DE-48D9-B87B-43969833E6BE}"
	ProjectSection(ProjectDependencies) = postProject
		{89F822A0-2CDC-48BC-B9D4-71AC51B32E8D} = {89F822A0-2CDC-48BC-B9D4-71AC51B32E8D}
		{C9093FB8-AA19-470F-BEBD-BDF6EA0709AD} = {C9093FB8-AA19-470F-BEBD-BDF6EA0709AD}
		{6B58B9BA-AA7C-4695-B0D9-EFBC988D6A6B} = {6B58B9BA-AA7C-4695-B0D9-EFBC988D6A6B}
	EndProjectSection
EndProject
Project("{8BC9CEB8-8B4A-11D0-8D11-00A0C91BC942}") = "HelloWorld", "samples\HelloWorld\HelloWorld.vcxproj", "{37AF3704-B020-4C70-ACCA-07CC6B5C568B}"
	ProjectSection(ProjectDependencies) = postProject
		{B6BA131B-3E03-4CA1-98D0-B6507F26C087} = {B6BA131B-3E03-4CA1-98D0-B6507F26C087}
		{237D8491-F3DE-48D9-B87B-43969833E6BE} = {237D8491-F3DE-48D9-B87B-43969833E6BE}
		{89F822A0-2CDC-48BC-B9D4-71AC51B32E8D} = {89F822A0-2CDC-48BC-B9D4-71AC51B32E8D}
		{C9093FB8-AA19-470F-BEBD-BDF6EA0709AD} = {C9093FB8-AA19-470F-BEBD-BDF6EA0709AD}
		{6B58B9BA-AA7C-4695-B0D9-EFBC988D6A6B} = {6B58B9BA-AA7C-4695-B0D9-EFBC988D6A6B}
		{590695BB-914D-4940-A562-AE099F81193F} = {590695BB-914D-4940-A562-AE099F81193F}
		{872A5ECD-34F2-48A7-8546-972ABA571A7B} = {872A5ECD-34F2-48A7-8546-972ABA571A7B}
		{185DA9FB-FF16-4904-9B22-27B53A7E3CA4} = {185DA9FB-FF16-4904-9B22-27B53A7E3CA4}
	EndProjectSection
EndProject
Project("{2150E333-8FDC-42A3-9474-1A3956D46DE8}") = "HelloWorldSamples", "HelloWorldSamples", "{E9789A24-D13A-46A9-BC96-18A93E1F3DC0}"
EndProject
Project("{8BC9CEB8-8B4A-11D0-8D11-00A0C91BC942}") = "HelloWorld2", "samples\HelloWorld2\HelloWorld2.vcxproj", "{909A10C3-6D63-4608-A16B-E665910671E4}"
	ProjectSection(ProjectDependencies) = postProject
		{B6BA131B-3E03-4CA1-98D0-B6507F26C087} = {B6BA131B-3E03-4CA1-98D0-B6507F26C087}
		{237D8491-F3DE-48D9-B87B-43969833E6BE} = {237D8491-F3DE-48D9-B87B-43969833E6BE}
		{89F822A0-2CDC-48BC-B9D4-71AC51B32E8D} = {89F822A0-2CDC-48BC-B9D4-71AC51B32E8D}
		{C9093FB8-AA19-470F-BEBD-BDF6EA0709AD} = {C9093FB8-AA19-470F-BEBD-BDF6EA0709AD}
		{6B58B9BA-AA7C-4695-B0D9-EFBC988D6A6B} = {6B58B9BA-AA7C-4695-B0D9-EFBC988D6A6B}
		{590695BB-914D-4940-A562-AE099F81193F} = {590695BB-914D-4940-A562-AE099F81193F}
		{872A5ECD-34F2-48A7-8546-972ABA571A7B} = {872A5ECD-34F2-48A7-8546-972ABA571A7B}
		{185DA9FB-FF16-4904-9B22-27B53A7E3CA4} = {185DA9FB-FF16-4904-9B22-27B53A7E3CA4}
	EndProjectSection
EndProject
Project("{8BC9CEB8-8B4A-11D0-8D11-00A0C91BC942}") = "TestMaze", "samples\TestMaze\TestMaze.vcxproj", "{A746D8CD-EB1B-417F-BFA2-5C55EE9E9D6C}"
	ProjectSection(ProjectDependencies) = postProject
		{4E74730D-4C27-497F-89CE-A2B2F29CC3FF} = {4E74730D-4C27-497F-89CE-A2B2F29CC3FF}
		{B6BA131B-3E03-4CA1-98D0-B6507F26C087} = {B6BA131B-3E03-4CA1-98D0-B6507F26C087}
		{CA97F64B-3B19-4E02-9664-DB623309CEBE} = {CA97F64B-3B19-4E02-9664-DB623309CEBE}
		{BA6A4471-40FA-45A7-8C27-A22D185B26A2} = {BA6A4471-40FA-45A7-8C27-A22D185B26A2}
		{237D8491-F3DE-48D9-B87B-43969833E6BE} = {237D8491-F3DE-48D9-B87B-43969833E6BE}
		{89F822A0-2CDC-48BC-B9D4-71AC51B32E8D} = {89F822A0-2CDC-48BC-B9D4-71AC51B32E8D}
		{14B9EDAD-24DA-47BE-8FD9-A14969854F98} = {14B9EDAD-24DA-47BE-8FD9-A14969854F98}
		{C9093FB8-AA19-470F-BEBD-BDF6EA0709AD} = {C9093FB8-AA19-470F-BEBD-BDF6EA0709AD}
		{4F4177BB-583F-4FE1-8C76-B3DBDA6D40F4} = {4F4177BB-583F-4FE1-8C76-B3DBDA6D40F4}
		{590695BB-914D-4940-A562-AE099F81193F} = {590695BB-914D-4940-A562-AE099F81193F}
		{872A5ECD-34F2-48A7-8546-972ABA571A7B} = {872A5ECD-34F2-48A7-8546-972ABA571A7B}
		{CEC0E4EA-49F5-4E0A-936B-ABD8BC4C7E33} = {CEC0E4EA-49F5-4E0A-936B-ABD8BC4C7E33}
		{185DA9FB-FF16-4904-9B22-27B53A7E3CA4} = {185DA9FB-FF16-4904-9B22-27B53A7E3CA4}
	EndProjectSection
EndProject
Project("{8BC9CEB8-8B4A-11D0-8D11-00A0C91BC942}") = "PacManLikeLib", "projects\PacManLikeLib\PacManLikeLib.vcxproj", "{16632E73-D800-435B-B133-6B7AAC9642DA}"
	ProjectSection(ProjectDependencies) = postProject
		{4E74730D-4C27-497F-89CE-A2B2F29CC3FF} = {4E74730D-4C27-497F-89CE-A2B2F29CC3FF}
		{B6BA131B-3E03-4CA1-98D0-B6507F26C087} = {B6BA131B-3E03-4CA1-98D0-B6507F26C087}
		{BA6A4471-40FA-45A7-8C27-A22D185B26A2} = {BA6A4471-40FA-45A7-8C27-A22D185B26A2}
		{237D8491-F3DE-48D9-B87B-43969833E6BE} = {237D8491-F3DE-48D9-B87B-43969833E6BE}
		{89F822A0-2CDC-48BC-B9D4-71AC51B32E8D} = {89F822A0-2CDC-48BC-B9D4-71AC51B32E8D}
		{14B9EDAD-24DA-47BE-8FD9-A14969854F98} = {14B9EDAD-24DA-47BE-8FD9-A14969854F98}
		{C9093FB8-AA19-470F-BEBD-BDF6EA0709AD} = {C9093FB8-AA19-470F-BEBD-BDF6EA0709AD}
		{6B58B9BA-AA7C-4695-B0D9-EFBC988D6A6B} = {6B58B9BA-AA7C-4695-B0D9-EFBC988D6A6B}
		{4F4177BB-583F-4FE1-8C76-B3DBDA6D40F4} = {4F4177BB-583F-4FE1-8C76-B3DBDA6D40F4}
		{590695BB-914D-4940-A562-AE099F81193F} = {590695BB-914D-4940-A562-AE099F81193F}
		{872A5ECD-34F2-48A7-8546-972ABA571A7B} = {872A5ECD-34F2-48A7-8546-972ABA571A7B}
		{CEC0E4EA-49F5-4E0A-936B-ABD8BC4C7E33} = {CEC0E4EA-49F5-4E0A-936B-ABD8BC4C7E33}
		{185DA9FB-FF16-4904-9B22-27B53A7E3CA4} = {185DA9FB-FF16-4904-9B22-27B53A7E3CA4}
	EndProjectSection
EndProject
Project("{8BC9CEB8-8B4A-11D0-8D11-00A0C91BC942}") = "TestPacMan", "samples\TestPacMan\TestPacMan.vcxproj", "{5D52D9AD-DEA2-4086-A286-9EC8DA9206C3}"
	ProjectSection(ProjectDependencies) = postProject
		{4E74730D-4C27-497F-89CE-A2B2F29CC3FF} = {4E74730D-4C27-497F-89CE-A2B2F29CC3FF}
		{B6BA131B-3E03-4CA1-98D0-B6507F26C087} = {B6BA131B-3E03-4CA1-98D0-B6507F26C087}
		{16632E73-D800-435B-B133-6B7AAC9642DA} = {16632E73-D800-435B-B133-6B7AAC9642DA}
		{237D8491-F3DE-48D9-B87B-43969833E6BE} = {237D8491-F3DE-48D9-B87B-43969833E6BE}
		{89F822A0-2CDC-48BC-B9D4-71AC51B32E8D} = {89F822A0-2CDC-48BC-B9D4-71AC51B32E8D}
		{14B9EDAD-24DA-47BE-8FD9-A14969854F98} = {14B9EDAD-24DA-47BE-8FD9-A14969854F98}
		{C9093FB8-AA19-470F-BEBD-BDF6EA0709AD} = {C9093FB8-AA19-470F-BEBD-BDF6EA0709AD}
		{6B58B9BA-AA7C-4695-B0D9-EFBC988D6A6B} = {6B58B9BA-AA7C-4695-B0D9-EFBC988D6A6B}
		{4F4177BB-583F-4FE1-8C76-B3DBDA6D40F4} = {4F4177BB-583F-4FE1-8C76-B3DBDA6D40F4}
		{590695BB-914D-4940-A562-AE099F81193F} = {590695BB-914D-4940-A562-AE099F81193F}
		{872A5ECD-34F2-48A7-8546-972ABA571A7B} = {872A5ECD-34F2-48A7-8546-972ABA571A7B}
		{CEC0E4EA-49F5-4E0A-936B-ABD8BC4C7E33} = {CEC0E4EA-49F5-4E0A-936B-ABD8BC4C7E33}
		{185DA9FB-FF16-4904-9B22-27B53A7E3CA4} = {185DA9FB-FF16-4904-9B22-27B53A7E3CA4}
	EndProjectSection
EndProject
Project("{8BC9CEB8-8B4A-11D0-8D11-00A0C91BC942}") = "colorwin_example", "projects\colorwin\example\colorwin_example.vcxproj", "{7FF36241-250D-4601-BB95-65D10E8103DF}"
EndProject
Global
	GlobalSection(SolutionConfigurationPlatforms) = preSolution
		Debug|x86 = Debug|x86
		Release|x86 = Release|x86
	EndGlobalSection
	GlobalSection(ProjectConfigurationPlatforms) = postSolution
		{89F822A0-2CDC-48BC-B9D4-71AC51B32E8D}.Debug|x86.ActiveCfg = Debug|Win32
		{89F822A0-2CDC-48BC-B9D4-71AC51B32E8D}.Debug|x86.Build.0 = Debug|Win32
		{89F822A0-2CDC-48BC-B9D4-71AC51B32E8D}.Release|x86.ActiveCfg = Release|Win32
		{89F822A0-2CDC-48BC-B9D4-71AC51B32E8D}.Release|x86.Build.0 = Release|Win32
		{C9093FB8-AA19-470F-BEBD-BDF6EA0709AD}.Debug|x86.ActiveCfg = Debug|Win32
		{C9093FB8-AA19-470F-BEBD-BDF6EA0709AD}.Debug|x86.Build.0 = Debug|Win32
		{C9093FB8-AA19-470F-BEBD-BDF6EA0709AD}.Release|x86.ActiveCfg = Release|Win32
		{C9093FB8-AA19-470F-BEBD-BDF6EA0709AD}.Release|x86.Build.0 = Release|Win32
		{6B58B9BA-AA7C-4695-B0D9-EFBC988D6A6B}.Debug|x86.ActiveCfg = Debug|Win32
		{6B58B9BA-AA7C-4695-B0D9-EFBC988D6A6B}.Debug|x86.Build.0 = Debug|Win32
		{6B58B9BA-AA7C-4695-B0D9-EFBC988D6A6B}.Release|x86.ActiveCfg = Release|Win32
		{6B58B9BA-AA7C-4695-B0D9-EFBC988D6A6B}.Release|x86.Build.0 = Release|Win32
		{872A5ECD-34F2-48A7-8546-972ABA571A7B}.Debug|x86.ActiveCfg = Debug|Win32
		{872A5ECD-34F2-48A7-8546-972ABA571A7B}.Debug|x86.Build.0 = Debug|Win32
		{872A5ECD-34F2-48A7-8546-972ABA571A7B}.Release|x86.ActiveCfg = Release|Win32
		{872A5ECD-34F2-48A7-8546-972ABA571A7B}.Release|x86.Build.0 = Release|Win32
		{185DA9FB-FF16-4904-9B22-27B53A7E3CA4}.Debug|x86.ActiveCfg = Debug|Win32
		{185DA9FB-FF16-4904-9B22-27B53A7E3CA4}.Debug|x86.Build.0 = Debug|Win32
		{185DA9FB-FF16-4904-9B22-27B53A7E3CA4}.Release|x86.ActiveCfg = Release|Win32
		{185DA9FB-FF16-4904-9B22-27B53A7E3CA4}.Release|x86.Build.0 = Release|Win32
		{C45C3121-F4F1-4ECE-95B5-903BAB1883D3}.Debug|x86.ActiveCfg = Debug|Win32
		{C45C3121-F4F1-4ECE-95B5-903BAB1883D3}.Debug|x86.Build.0 = Debug|Win32
		{C45C3121-F4F1-4ECE-95B5-903BAB1883D3}.Release|x86.ActiveCfg = Release|Win32
		{C45C3121-F4F1-4ECE-95B5-903BAB1883D3}.Release|x86.Build.0 = Release|Win32
		{7CF147C7-B5DB-4859-8872-844F10F41C41}.Debug|x86.ActiveCfg = Debug|Win32
		{7CF147C7-B5DB-4859-8872-844F10F41C41}.Debug|x86.Build.0 = Debug|Win32
		{7CF147C7-B5DB-4859-8872-844F10F41C41}.Release|x86.ActiveCfg = Release|Win32
		{7CF147C7-B5DB-4859-8872-844F10F41C41}.Release|x86.Build.0 = Release|Win32
		{43585D1F-AAB1-48FD-A918-C583C23714BD}.Debug|x86.ActiveCfg = Debug|Win32
		{43585D1F-AAB1-48FD-A918-C583C23714BD}.Debug|x86.Build.0 = Debug|Win32
		{43585D1F-AAB1-48FD-A918-C583C23714BD}.Release|x86.ActiveCfg = Release|Win32
		{43585D1F-AAB1-48FD-A918-C583C23714BD}.Release|x86.Build.0 = Release|Win32
		{5F5024A6-0C4B-44F3-A392-68BC3FF0844F}.Debug|x86.ActiveCfg = Debug|Win32
		{5F5024A6-0C4B-44F3-A392-68BC3FF0844F}.Debug|x86.Build.0 = Debug|Win32
		{5F5024A6-0C4B-44F3-A392-68BC3FF0844F}.Release|x86.ActiveCfg = Release|Win32
		{5F5024A6-0C4B-44F3-A392-68BC3FF0844F}.Release|x86.Build.0 = Release|Win32
		{BA6A4471-40FA-45A7-8C27-A22D185B26A2}.Debug|x86.ActiveCfg = Debug|Win32
		{BA6A4471-40FA-45A7-8C27-A22D185B26A2}.Debug|x86.Build.0 = Debug|Win32
		{BA6A4471-40FA-45A7-8C27-A22D185B26A2}.Release|x86.ActiveCfg = Release|Win32
		{BA6A4471-40FA-45A7-8C27-A22D185B26A2}.Release|x86.Build.0 = Release|Win32
		{14B9EDAD-24DA-47BE-8FD9-A14969854F98}.Debug|x86.ActiveCfg = Debug|Win32
		{14B9EDAD-24DA-47BE-8FD9-A14969854F98}.Debug|x86.Build.0 = Debug|Win32
		{14B9EDAD-24DA-47BE-8FD9-A14969854F98}.Release|x86.ActiveCfg = Release|Win32
		{14B9EDAD-24DA-47BE-8FD9-A14969854F98}.Release|x86.Build.0 = Release|Win32
		{4D573F92-E915-4065-A8E1-4C0260D329E3}.Debug|x86.ActiveCfg = Debug|Win32
		{4D573F92-E915-4065-A8E1-4C0260D329E3}.Debug|x86.Build.0 = Debug|Win32
		{4D573F92-E915-4065-A8E1-4C0260D329E3}.Release|x86.ActiveCfg = Release|Win32
		{4D573F92-E915-4065-A8E1-4C0260D329E3}.Release|x86.Build.0 = Release|Win32
		{590695BB-914D-4940-A562-AE099F81193F}.Debug|x86.ActiveCfg = Debug|Win32
		{590695BB-914D-4940-A562-AE099F81193F}.Debug|x86.Build.0 = Debug|Win32
		{590695BB-914D-4940-A562-AE099F81193F}.Release|x86.ActiveCfg = Release|Win32
		{590695BB-914D-4940-A562-AE099F81193F}.Release|x86.Build.0 = Release|Win32
		{9E9D67F4-A583-403E-A220-830E692E1E4E}.Debug|x86.ActiveCfg = Debug|Win32
		{9E9D67F4-A583-403E-A220-830E692E1E4E}.Debug|x86.Build.0 = Debug|Win32
		{9E9D67F4-A583-403E-A220-830E692E1E4E}.Release|x86.ActiveCfg = Release|Win32
		{9E9D67F4-A583-403E-A220-830E692E1E4E}.Release|x86.Build.0 = Release|Win32
		{4E74730D-4C27-497F-89CE-A2B2F29CC3FF}.Debug|x86.ActiveCfg = Debug|Win32
		{4E74730D-4C27-497F-89CE-A2B2F29CC3FF}.Debug|x86.Build.0 = Debug|Win32
		{4E74730D-4C27-497F-89CE-A2B2F29CC3FF}.Release|x86.ActiveCfg = Release|Win32
		{4E74730D-4C27-497F-89CE-A2B2F29CC3FF}.Release|x86.Build.0 = Release|Win32
		{CEC0E4EA-49F5-4E0A-936B-ABD8BC4C7E33}.Debug|x86.ActiveCfg = Debug|Win32
		{CEC0E4EA-49F5-4E0A-936B-ABD8BC4C7E33}.Debug|x86.Build.0 = Debug|Win32
		{CEC0E4EA-49F5-4E0A-936B-ABD8BC4C7E33}.Release|x86.ActiveCfg = Release|Win32
		{CEC0E4EA-49F5-4E0A-936B-ABD8BC4C7E33}.Release|x86.Build.0 = Release|Win32
		{CA97F64B-3B19-4E02-9664-DB623309CEBE}.Debug|x86.ActiveCfg = Debug|Win32
		{CA97F64B-3B19-4E02-9664-DB623309CEBE}.Debug|x86.Build.0 = Debug|Win32
		{CA97F64B-3B19-4E02-9664-DB623309CEBE}.Release|x86.ActiveCfg = Release|Win32
		{CA97F64B-3B19-4E02-9664-DB623309CEBE}.Release|x86.Build.0 = Release|Win32
		{3E867A40-B349-4CCF-85E4-CB32C19D42C5}.Debug|x86.ActiveCfg = Debug|Win32
		{3E867A40-B349-4CCF-85E4-CB32C19D42C5}.Debug|x86.Build.0 = Debug|Win32
		{3E867A40-B349-4CCF-85E4-CB32C19D42C5}.Release|x86.ActiveCfg = Release|Win32
		{3E867A40-B349-4CCF-85E4-CB32C19D42C5}.Release|x86.Build.0 = Release|Win32
		{27CEE156-37C8-42DE-B7EA-AADE45D8D4AD}.Debug|x86.ActiveCfg = Debug|Win32
		{27CEE156-37C8-42DE-B7EA-AADE45D8D4AD}.Debug|x86.Build.0 = Debug|Win32
		{27CEE156-37C8-42DE-B7EA-AADE45D8D4AD}.Release|x86.ActiveCfg = Release|Win32
		{27CEE156-37C8-42DE-B7EA-AADE45D8D4AD}.Release|x86.Build.0 = Release|Win32
		{6BBDF129-2ABF-4B87-BD07-A383C1C108A0}.Debug|x86.ActiveCfg = Debug|Win32
		{6BBDF129-2ABF-4B87-BD07-A383C1C108A0}.Debug|x86.Build.0 = Debug|Win32
		{6BBDF129-2ABF-4B87-BD07-A383C1C108A0}.Release|x86.ActiveCfg = Release|Win32
		{6BBDF129-2ABF-4B87-BD07-A383C1C108A0}.Release|x86.Build.0 = Release|Win32
		{5AF9B356-0485-4368-9EDE-19AB4C1CA1C8}.Debug|x86.ActiveCfg = Debug|Win32
		{5AF9B356-0485-4368-9EDE-19AB4C1CA1C8}.Debug|x86.Build.0 = Debug|Win32
		{5AF9B356-0485-4368-9EDE-19AB4C1CA1C8}.Release|x86.ActiveCfg = Release|Win32
		{5AF9B356-0485-4368-9EDE-19AB4C1CA1C8}.Release|x86.Build.0 = Release|Win32
		{206D676A-5290-4080-81C9-2191B82B5F55}.Debug|x86.ActiveCfg = Debug|Win32
		{206D676A-5290-4080-81C9-2191B82B5F55}.Debug|x86.Build.0 = Debug|Win32
		{206D676A-5290-4080-81C9-2191B82B5F55}.Release|x86.ActiveCfg = Release|Win32
		{206D676A-5290-4080-81C9-2191B82B5F55}.Release|x86.Build.0 = Release|Win32
		{9CCA5CDA-633E-41DB-8669-9464A254EEF2}.Debug|x86.ActiveCfg = Debug|Win32
		{9CCA5CDA-633E-41DB-8669-9464A254EEF2}.Debug|x86.Build.0 = Debug|Win32
		{9CCA5CDA-633E-41DB-8669-9464A254EEF2}.Release|x86.ActiveCfg = Release|Win32
		{9CCA5CDA-633E-41DB-8669-9464A254EEF2}.Release|x86.Build.0 = Release|Win32
		{B6BA131B-3E03-4CA1-98D0-B6507F26C087}.Debug|x86.ActiveCfg = Debug|Win32
		{B6BA131B-3E03-4CA1-98D0-B6507F26C087}.Debug|x86.Build.0 = Debug|Win32
		{B6BA131B-3E03-4CA1-98D0-B6507F26C087}.Release|x86.ActiveCfg = Release|Win32
		{B6BA131B-3E03-4CA1-98D0-B6507F26C087}.Release|x86.Build.0 = Release|Win32
		{0D463DBB-43BE-4CFE-AF35-E4BEAF08E86A}.Debug|x86.ActiveCfg = Debug|Win32
		{0D463DBB-43BE-4CFE-AF35-E4BEAF08E86A}.Debug|x86.Build.0 = Debug|Win32
		{0D463DBB-43BE-4CFE-AF35-E4BEAF08E86A}.Release|x86.ActiveCfg = Release|Win32
		{0D463DBB-43BE-4CFE-AF35-E4BEAF08E86A}.Release|x86.Build.0 = Release|Win32
		{8D8FF076-A109-4E2F-AC68-8BE3686A76EF}.Debug|x86.ActiveCfg = Debug|Win32
		{8D8FF076-A109-4E2F-AC68-8BE3686A76EF}.Debug|x86.Build.0 = Debug|Win32
		{8D8FF076-A109-4E2F-AC68-8BE3686A76EF}.Release|x86.ActiveCfg = Release|Win32
		{8D8FF076-A109-4E2F-AC68-8BE3686A76EF}.Release|x86.Build.0 = Release|Win32
		{4F4177BB-583F-4FE1-8C76-B3DBDA6D40F4}.Debug|x86.ActiveCfg = Debug|Win32
		{4F4177BB-583F-4FE1-8C76-B3DBDA6D40F4}.Debug|x86.Build.0 = Debug|Win32
		{4F4177BB-583F-4FE1-8C76-B3DBDA6D40F4}.Release|x86.ActiveCfg = Release|Win32
		{4F4177BB-583F-4FE1-8C76-B3DBDA6D40F4}.Release|x86.Build.0 = Release|Win32
		{9FDFDF54-01F6-4E9E-8249-7F379FD0BFDC}.Debug|x86.ActiveCfg = Debug|Win32
		{9FDFDF54-01F6-4E9E-8249-7F379FD0BFDC}.Debug|x86.Build.0 = Debug|Win32
		{9FDFDF54-01F6-4E9E-8249-7F379FD0BFDC}.Release|x86.ActiveCfg = Release|Win32
		{9FDFDF54-01F6-4E9E-8249-7F379FD0BFDC}.Release|x86.Build.0 = Release|Win32
		{66C1E75C-4860-414A-812F-26FE590AA7B6}.Debug|x86.ActiveCfg = Debug|Win32
		{66C1E75C-4860-414A-812F-26FE590AA7B6}.Debug|x86.Build.0 = Debug|Win32
		{66C1E75C-4860-414A-812F-26FE590AA7B6}.Release|x86.ActiveCfg = Release|Win32
		{66C1E75C-4860-414A-812F-26FE590AA7B6}.Release|x86.Build.0 = Release|Win32
		{E5491A54-2595-4064-BD52-FB2DD76E0073}.Debug|x86.ActiveCfg = Debug|Win32
		{E5491A54-2595-4064-BD52-FB2DD76E0073}.Debug|x86.Build.0 = Debug|Win32
		{E5491A54-2595-4064-BD52-FB2DD76E0073}.Release|x86.ActiveCfg = Release|Win32
		{E5491A54-2595-4064-BD52-FB2DD76E0073}.Release|x86.Build.0 = Release|Win32
		{44B9E217-B9B6-4227-96C7-8A4270FE225C}.Debug|x86.ActiveCfg = Debug|Win32
		{44B9E217-B9B6-4227-96C7-8A4270FE225C}.Debug|x86.Build.0 = Debug|Win32
		{44B9E217-B9B6-4227-96C7-8A4270FE225C}.Release|x86.ActiveCfg = Release|Win32
		{44B9E217-B9B6-4227-96C7-8A4270FE225C}.Release|x86.Build.0 = Release|Win32
		{4F2645D6-51E3-4062-BD57-8B564A1E5F34}.Debug|x86.ActiveCfg = Debug|Win32
		{4F2645D6-51E3-4062-BD57-8B564A1E5F34}.Debug|x86.Build.0 = Debug|Win32
		{4F2645D6-51E3-4062-BD57-8B564A1E5F34}.Release|x86.ActiveCfg = Release|Win32
		{4F2645D6-51E3-4062-BD57-8B564A1E5F34}.Release|x86.Build.0 = Release|Win32
		{237D8491-F3DE-48D9-B87B-43969833E6BE}.Debug|x86.ActiveCfg = Debug|Win32
		{237D8491-F3DE-48D9-B87B-43969833E6BE}.Debug|x86.Build.0 = Debug|Win32
		{237D8491-F3DE-48D9-B87B-43969833E6BE}.Release|x86.ActiveCfg = Release|Win32
		{237D8491-F3DE-48D9-B87B-43969833E6BE}.Release|x86.Build.0 = Release|Win32
		{37AF3704-B020-4C70-ACCA-07CC6B5C568B}.Debug|x86.ActiveCfg = Debug|Win32
		{37AF3704-B020-4C70-ACCA-07CC6B5C568B}.Debug|x86.Build.0 = Debug|Win32
		{37AF3704-B020-4C70-ACCA-07CC6B5C568B}.Release|x86.ActiveCfg = Release|Win32
		{37AF3704-B020-4C70-ACCA-07CC6B5C568B}.Release|x86.Build.0 = Release|Win32
		{909A10C3-6D63-4608-A16B-E665910671E4}.Debug|x86.ActiveCfg = Debug|Win32
		{909A10C3-6D63-4608-A16B-E665910671E4}.Debug|x86.Build.0 = Debug|Win32
		{909A10C3-6D63-4608-A16B-E665910671E4}.Release|x86.ActiveCfg = Release|Win32
		{909A10C3-6D63-4608-A16B-E665910671E4}.Release|x86.Build.0 = Release|Win32
		{A746D8CD-EB1B-417F-BFA2-5C55EE9E9D6C}.Debug|x86.ActiveCfg = Debug|Win32
		{A746D8CD-EB1B-417F-BFA2-5C55EE9E9D6C}.Debug|x86.Build.0 = Debug|Win32
		{A746D8CD-EB1B-417F-BFA2-5C55EE9E9D6C}.Release|x86.ActiveCfg = Release|Win32
		{A746D8CD-EB1B-417F-BFA2-5C55EE9E9D6C}.Release|x86.Build.0 = Release|Win32
		{16632E73-D800-435B-B133-6B7AAC9642DA}.Debug|x86.ActiveCfg = Debug|Win32
		{16632E73-D800-435B-B133-6B7AAC9642DA}.Debug|x86.Build.0 = Debug|Win32
		{16632E73-D800-435B-B133-6B7AAC9642DA}.Release|x86.ActiveCfg = Release|Win32
		{16632E73-D800-435B-B133-6B7AAC9642DA}.Release|x86.Build.0 = Release|Win32
		{5D52D9AD-DEA2-4086-A286-9EC8DA9206C3}.Debug|x86.ActiveCfg = Debug|Win32
		{5D52D9AD-DEA2-4086-A286-9EC8DA9206C3}.Debug|x86.Build.0 = Debug|Win32
		{5D52D9AD-DEA2-4086-A286-9EC8DA9206C3}.Release|x86.ActiveCfg = Release|Win32
		{5D52D9AD-DEA2-4086-A286-9EC8DA9206C3}.Release|x86.Build.0 = Release|Win32
		{7FF36241-250D-4601-BB95-65D10E8103DF}.Debug|x86.ActiveCfg = Debug|Win32
		{7FF36241-250D-4601-BB95-65D10E8103DF}.Debug|x86.Build.0 = Debug|Win32
		{7FF36241-250D-4601-BB95-65D10E8103DF}.Release|x86.ActiveCfg = Release|Win32
		{7FF36241-250D-4601-BB95-65D10E8103DF}.Release|x86.Build.0 = Release|Win32
	EndGlobalSection
	GlobalSection(SolutionProperties) = preSolution
		HideSolutionNode = FALSE
	EndGlobalSection
	GlobalSection(NestedProjects) = preSolution
		{47B1B510-67CC-4AEF-A451-3E85FE1F3E85} = {6C5BD290-DE55-45D0-A6B0-D5E86F6BDB20}
		{AC3102AA-16B3-4287-9B0D-D7F0D5D19467} = {6C5BD290-DE55-45D0-A6B0-D5E86F6BDB20}
		{89F822A0-2CDC-48BC-B9D4-71AC51B32E8D} = {47B1B510-67CC-4AEF-A451-3E85FE1F3E85}
		{C9093FB8-AA19-470F-BEBD-BDF6EA0709AD} = {47B1B510-67CC-4AEF-A451-3E85FE1F3E85}
		{6B58B9BA-AA7C-4695-B0D9-EFBC988D6A6B} = {47B1B510-67CC-4AEF-A451-3E85FE1F3E85}
		{EE54D014-68EC-47B9-97E7-FE6885901C1D} = {61FC1A9B-49D7-4EAB-B344-B05D15B994CD}
		{AFBAC3B6-0877-4538-AAA5-AF7FA398F976} = {61FC1A9B-49D7-4EAB-B344-B05D15B994CD}
		{872A5ECD-34F2-48A7-8546-972ABA571A7B} = {EE54D014-68EC-47B9-97E7-FE6885901C1D}
		{185DA9FB-FF16-4904-9B22-27B53A7E3CA4} = {EE54D014-68EC-47B9-97E7-FE6885901C1D}
		{C45C3121-F4F1-4ECE-95B5-903BAB1883D3} = {AFBAC3B6-0877-4538-AAA5-AF7FA398F976}
		{7CF147C7-B5DB-4859-8872-844F10F41C41} = {AFBAC3B6-0877-4538-AAA5-AF7FA398F976}
		{43585D1F-AAB1-48FD-A918-C583C23714BD} = {AFBAC3B6-0877-4538-AAA5-AF7FA398F976}
		{5F5024A6-0C4B-44F3-A392-68BC3FF0844F} = {AFBAC3B6-0877-4538-AAA5-AF7FA398F976}
		{A43A5CA5-DEB5-4F3D-8B87-BCBB2D1908F8} = {59AE1E71-5B9B-4EFF-8C47-3C7139D36001}
		{4C150985-02CA-4B90-A785-B04ECDBBBD6D} = {E6494C68-5E47-4774-B267-7CC68C511A41}
		{BC827DE8-A9BB-4548-928A-A426C0EEF35E} = {E6494C68-5E47-4774-B267-7CC68C511A41}
		{BA6A4471-40FA-45A7-8C27-A22D185B26A2} = {4C150985-02CA-4B90-A785-B04ECDBBBD6D}
		{63A7B443-B75D-4FB5-8A32-F42E9808077A} = {59AE1E71-5B9B-4EFF-8C47-3C7139D36001}
		{15D64F4D-8B96-43F3-A764-1A390C990AEB} = {63A7B443-B75D-4FB5-8A32-F42E9808077A}
		{375EB831-9412-4381-B56E-01BC48117A52} = {63A7B443-B75D-4FB5-8A32-F42E9808077A}
		{14FC9CD8-91B0-425C-A334-6AA38CD2FF71} = {15D64F4D-8B96-43F3-A764-1A390C990AEB}
		{A4D7C435-B01F-4232-8C9C-70F8523F4130} = {15D64F4D-8B96-43F3-A764-1A390C990AEB}
		{454B547C-058E-496E-80FD-91A8B8120DA6} = {375EB831-9412-4381-B56E-01BC48117A52}
		{E27FF32C-D9C8-402D-A902-933EE86FE33A} = {375EB831-9412-4381-B56E-01BC48117A52}
		{14B9EDAD-24DA-47BE-8FD9-A14969854F98} = {14FC9CD8-91B0-425C-A334-6AA38CD2FF71}
		{4D573F92-E915-4065-A8E1-4C0260D329E3} = {A4D7C435-B01F-4232-8C9C-70F8523F4130}
		{590695BB-914D-4940-A562-AE099F81193F} = {454B547C-058E-496E-80FD-91A8B8120DA6}
		{9E9D67F4-A583-403E-A220-830E692E1E4E} = {E27FF32C-D9C8-402D-A902-933EE86FE33A}
		{E6494C68-5E47-4774-B267-7CC68C511A41} = {A43A5CA5-DEB5-4F3D-8B87-BCBB2D1908F8}
		{7B95DC95-359B-46F4-BCC3-01B8618EC9F2} = {00E3F9D4-72B0-466B-9227-08242C0DB311}
		{F75DD37E-DF62-4B07-A759-39E50439C0EA} = {00E3F9D4-72B0-466B-9227-08242C0DB311}
		{4E74730D-4C27-497F-89CE-A2B2F29CC3FF} = {7B95DC95-359B-46F4-BCC3-01B8618EC9F2}
		{CEC0E4EA-49F5-4E0A-936B-ABD8BC4C7E33} = {7B95DC95-359B-46F4-BCC3-01B8618EC9F2}
		{CA97F64B-3B19-4E02-9664-DB623309CEBE} = {2FEFBAD4-68BD-48D2-8457-62CAB4CA8B25}
		{3E867A40-B349-4CCF-85E4-CB32C19D42C5} = {F75DD37E-DF62-4B07-A759-39E50439C0EA}
		{27CEE156-37C8-42DE-B7EA-AADE45D8D4AD} = {F75DD37E-DF62-4B07-A759-39E50439C0EA}
		{6BBDF129-2ABF-4B87-BD07-A383C1C108A0} = {F945F0C8-D7B8-45C0-8B17-94BE71801180}
		{5AF9B356-0485-4368-9EDE-19AB4C1CA1C8} = {5A21B7DB-EB4A-4045-82B9-E3C175672255}
		{206D676A-5290-4080-81C9-2191B82B5F55} = {5A21B7DB-EB4A-4045-82B9-E3C175672255}
		{9CCA5CDA-633E-41DB-8669-9464A254EEF2} = {5A21B7DB-EB4A-4045-82B9-E3C175672255}
		{2FEFBAD4-68BD-48D2-8457-62CAB4CA8B25} = {4CB31535-3655-470A-B187-41E461D0BAF1}
		{F945F0C8-D7B8-45C0-8B17-94BE71801180} = {4CB31535-3655-470A-B187-41E461D0BAF1}
		{B8F22411-210F-4CE5-A61B-060DF4DF4D1E} = {59AE1E71-5B9B-4EFF-8C47-3C7139D36001}
		{DCF596AB-9B17-47CD-B102-3123DEB4385E} = {B8F22411-210F-4CE5-A61B-060DF4DF4D1E}
		{B14FAFE2-6CDB-4C1C-909C-D8742111209A} = {DCF596AB-9B17-47CD-B102-3123DEB4385E}
		{CB28D7CC-AABD-41DB-90B0-1DCC3B30ABA3} = {DCF596AB-9B17-47CD-B102-3123DEB4385E}
		{B6BA131B-3E03-4CA1-98D0-B6507F26C087} = {B14FAFE2-6CDB-4C1C-909C-D8742111209A}
		{0D463DBB-43BE-4CFE-AF35-E4BEAF08E86A} = {2FEFBAD4-68BD-48D2-8457-62CAB4CA8B25}
		{8D8FF076-A109-4E2F-AC68-8BE3686A76EF} = {F945F0C8-D7B8-45C0-8B17-94BE71801180}
		{4F4177BB-583F-4FE1-8C76-B3DBDA6D40F4} = {7B95DC95-359B-46F4-BCC3-01B8618EC9F2}
		{9FDFDF54-01F6-4E9E-8249-7F379FD0BFDC} = {F75DD37E-DF62-4B07-A759-39E50439C0EA}
		{9DA619BE-8267-4343-B0C0-E3865C6C8ABE} = {4CB31535-3655-470A-B187-41E461D0BAF1}
		{66C1E75C-4860-414A-812F-26FE590AA7B6} = {9DA619BE-8267-4343-B0C0-E3865C6C8ABE}
		{E5491A54-2595-4064-BD52-FB2DD76E0073} = {5A21B7DB-EB4A-4045-82B9-E3C175672255}
		{44B9E217-B9B6-4227-96C7-8A4270FE225C} = {E27FF32C-D9C8-402D-A902-933EE86FE33A}
		{4F2645D6-51E3-4062-BD57-8B564A1E5F34} = {E27FF32C-D9C8-402D-A902-933EE86FE33A}
		{237D8491-F3DE-48D9-B87B-43969833E6BE} = {EE54D014-68EC-47B9-97E7-FE6885901C1D}
		{37AF3704-B020-4C70-ACCA-07CC6B5C568B} = {E9789A24-D13A-46A9-BC96-18A93E1F3DC0}
		{909A10C3-6D63-4608-A16B-E665910671E4} = {E9789A24-D13A-46A9-BC96-18A93E1F3DC0}
		{A746D8CD-EB1B-417F-BFA2-5C55EE9E9D6C} = {F75DD37E-DF62-4B07-A759-39E50439C0EA}
		{16632E73-D800-435B-B133-6B7AAC9642DA} = {2FEFBAD4-68BD-48D2-8457-62CAB4CA8B25}
		{5D52D9AD-DEA2-4086-A286-9EC8DA9206C3} = {F945F0C8-D7B8-45C0-8B17-94BE71801180}
		{7FF36241-250D-4601-BB95-65D10E8103DF} = {5A21B7DB-EB4A-4045-82B9-E3C175672255}
	EndGlobalSection
	GlobalSection(ExtensibilityGlobals) = postSolution
		SolutionGuid = {6F03100B-EB9A-4B44-852D-81AD2CE08DF2}
	EndGlobalSection
EndGlobal
