<?xml version="1.0" encoding="utf-8"?>
<Project ToolsVersion="4.0" xmlns="http://schemas.microsoft.com/developer/msbuild/2003">
  <ItemGroup>
    <Filter Include="Archivos de encabezado">
      <UniqueIdentifier>{93995380-89BD-4b04-88EB-625FBE52EBFB}</UniqueIdentifier>
      <Extensions>h;hh;hpp;hxx;hm;inl;inc;ipp;xsd</Extensions>
    </Filter>
    <Filter Include="Archivos de recursos">
      <UniqueIdentifier>{67DA6AB6-F800-4c08-8B7A-83BB121AAD01}</UniqueIdentifier>
      <Extensions>rc;ico;cur;bmp;dlg;rc2;rct;bin;rgs;gif;jpg;jpeg;jpe;resx;tiff;tif;png;wav;mfcribbon-ms</Extensions>
    </Filter>
    <Filter Include="Archivos de código fuente">
      <UniqueIdentifier>{4FC737F1-C7A5-4376-A066-2A32D752A2FF}</UniqueIdentifier>
      <Extensions>cpp;c;cc;cxx;def;odl;idl;hpj;bat;asm;asmx</Extensions>
    </Filter>
    <Filter Include="Archivos de código fuente\Communications">
      <UniqueIdentifier>{ddb21836-5e96-43cf-b824-10bdf4839551}</UniqueIdentifier>
    </Filter>
    <Filter Include="Archivos de código fuente\Communications\Builders">
      <UniqueIdentifier>{8c62f04d-d7bf-480f-a6db-11c01d29c998}</UniqueIdentifier>
    </Filter>
    <Filter Include="Archivos de código fuente\Foundation">
      <UniqueIdentifier>{bc00eb44-4b1b-484e-9e6f-5a82b18807eb}</UniqueIdentifier>
    </Filter>
    <Filter Include="Archivos de código fuente\Media">
      <UniqueIdentifier>{d381bc0c-d06b-4dce-a790-6ebad99e4d69}</UniqueIdentifier>
    </Filter>
    <Filter Include="Archivos de código fuente\Media\Builders">
      <UniqueIdentifier>{a4c2a700-0413-464a-b3b6-fcedaa2f5057}</UniqueIdentifier>
    </Filter>
    <Filter Include="Archivos de código fuente\Structure">
      <UniqueIdentifier>{6eda4a94-34af-4fd9-bf73-c5991010019e}</UniqueIdentifier>
    </Filter>
    <Filter Include="Archivos de código fuente\Structure\Builders">
      <UniqueIdentifier>{63c842a8-975b-4fe6-8db3-b87bc57daa86}</UniqueIdentifier>
    </Filter>
    <Filter Include="Archivos de encabezado\Communications">
      <UniqueIdentifier>{b2616aa4-a6de-487f-8413-6988f3425e0a}</UniqueIdentifier>
    </Filter>
    <Filter Include="Archivos de encabezado\Communications\Builders">
      <UniqueIdentifier>{e7d6f086-4d8a-4d6c-a7ce-b1aa5879a5b4}</UniqueIdentifier>
    </Filter>
    <Filter Include="Archivos de encabezado\Foundation">
      <UniqueIdentifier>{20295b80-c7e8-4999-ac7b-8c6397770dbf}</UniqueIdentifier>
    </Filter>
    <Filter Include="Archivos de encabezado\Media">
      <UniqueIdentifier>{b769a7aa-f06c-4555-9f5a-e3d02b669165}</UniqueIdentifier>
    </Filter>
    <Filter Include="Archivos de encabezado\Media\Builders">
      <UniqueIdentifier>{cf192f12-a708-44e8-974d-80804e9f5637}</UniqueIdentifier>
    </Filter>
    <Filter Include="Archivos de encabezado\Structure">
      <UniqueIdentifier>{e5d248e0-e28c-424a-9f23-545021006e4e}</UniqueIdentifier>
    </Filter>
    <Filter Include="Archivos de encabezado\Structure\Builders">
      <UniqueIdentifier>{4c5552c0-5cae-4e9b-b3de-63ba690e1d89}</UniqueIdentifier>
    </Filter>
    <Filter Include="Configuration">
      <UniqueIdentifier>{f470cb2c-4aca-4b74-8b2c-69f747c1530d}</UniqueIdentifier>
    </Filter>
    <Filter Include="Data">
      <UniqueIdentifier>{88689397-d4dc-4575-a455-3b214b17be64}</UniqueIdentifier>
    </Filter>
    <Filter Include="Data\Forms">
      <UniqueIdentifier>{e1a2b3ae-d9ec-43f9-b907-e87f0fd05045}</UniqueIdentifier>
    </Filter>
    <Filter Include="Data\Maps">
      <UniqueIdentifier>{6fee4d31-82cb-428a-8eb0-83484baf4808}</UniqueIdentifier>
    </Filter>
    <Filter Include="Data\Sounds">
      <UniqueIdentifier>{8a09d624-a06d-4007-9c2b-4b72bdd41a31}</UniqueIdentifier>
    </Filter>
    <Filter Include="Archivos de código fuente\Structure\Artists">
      <UniqueIdentifier>{fba78250-34b2-4987-a9ee-2f30182d2cc4}</UniqueIdentifier>
    </Filter>
    <Filter Include="Archivos de código fuente\Structure\ActionBlocks">
      <UniqueIdentifier>{a3fe925e-f783-4575-a7d9-f95ab49ace50}</UniqueIdentifier>
    </Filter>
    <Filter Include="Archivos de encabezado\Structure\Artists">
      <UniqueIdentifier>{1faec812-b881-437a-900c-393eaa6ac285}</UniqueIdentifier>
    </Filter>
    <Filter Include="Archivos de encabezado\Structure\ActionBlocks">
      <UniqueIdentifier>{4b8130ae-9081-405d-bfc1-64c0495100f7}</UniqueIdentifier>
    </Filter>
    <Filter Include="Data\Forms\Sources">
      <UniqueIdentifier>{fe2a2d27-d65e-404d-aae6-24b1e11a2db1}</UniqueIdentifier>
    </Filter>
    <Filter Include="Data\Forms\Sources\BarrelRolling">
      <UniqueIdentifier>{aca23518-1988-42a5-822a-5b368b97ddab}</UniqueIdentifier>
    </Filter>
    <Filter Include="Data\Forms\Sources\LittleExplosion">
      <UniqueIdentifier>{6f12ae00-9aae-4e11-83c3-085b925a5325}</UniqueIdentifier>
    </Filter>
    <Filter Include="Data\Forms\Sources\Lives">
      <UniqueIdentifier>{d9063bb9-3c81-4442-bf56-0dc6da18f0c2}</UniqueIdentifier>
    </Filter>
    <Filter Include="Data\Forms\Sources\Missiles">
      <UniqueIdentifier>{f2c183e7-1b4d-4e40-94c6-4edbf97c498a}</UniqueIdentifier>
    </Filter>
    <Filter Include="Data\Forms\Sources\Shield">
      <UniqueIdentifier>{148dfe43-712d-4655-81dc-c3ebe095491d}</UniqueIdentifier>
    </Filter>
    <Filter Include="Data\Forms\Sources\ShootingBall">
      <UniqueIdentifier>{58ebdf51-5fda-491f-8bd9-eb5410055b80}</UniqueIdentifier>
    </Filter>
    <Filter Include="Data\Forms\Sources\SpaceShipRolling">
      <UniqueIdentifier>{9c1e44fb-1d9c-459d-b8e3-27ce25ec08fa}</UniqueIdentifier>
    </Filter>
    <Filter Include="Data\Forms\Sources\UFO">
      <UniqueIdentifier>{ea257b32-e1ab-4eb6-bc98-4f6a1b32be77}</UniqueIdentifier>
    </Filter>
    <Filter Include="Data\Forms\Sources\UFO\1">
      <UniqueIdentifier>{08d2bce9-afa9-4e54-8cd0-8cfeb528f005}</UniqueIdentifier>
    </Filter>
    <Filter Include="Data\Forms\Sources\UFO\2">
      <UniqueIdentifier>{ce7a6094-e88a-404d-9938-84a3953ee2a7}</UniqueIdentifier>
    </Filter>
    <Filter Include="Data\Forms\Sources\UFO\3">
      <UniqueIdentifier>{97c5c7fa-fdd7-4a03-bcb0-d2ddd07ff2f0}</UniqueIdentifier>
    </Filter>
  </ItemGroup>
  <ItemGroup>
    <ClInclude Include="..\..\include\BattleshipLike\bsdefinitions.hpp">
      <Filter>Archivos de encabezado</Filter>
    </ClInclude>
    <ClInclude Include="..\..\include\BattleshipLike\bsinclude.hpp">
      <Filter>Archivos de encabezado</Filter>
    </ClInclude>
    <ClInclude Include="..\..\include\BattleshipLike\bsgame.hpp">
      <Filter>Archivos de encabezado\Structure</Filter>
    </ClInclude>
    <ClInclude Include="..\..\include\BattleshipLike\bsbuilders.hpp">
      <Filter>Archivos de encabezado\Structure\Builders</Filter>
    </ClInclude>
    <ClInclude Include="..\..\include\BattleshipLike\bsgamestates.hpp">
      <Filter>Archivos de encabezado\Structure</Filter>
    </ClInclude>
    <ClInclude Include="..\..\include\BattleshipLike\bsguisystem.hpp">
      <Filter>Archivos de encabezado\Structure</Filter>
    </ClInclude>
    <ClInclude Include="..\..\include\BattleshipLike\bsinputhandler.hpp">
      <Filter>Archivos de encabezado\Structure</Filter>
    </ClInclude>
    <ClInclude Include="..\..\include\BattleshipLike\bsscoreobjects.hpp">
      <Filter>Archivos de encabezado\Structure</Filter>
    </ClInclude>
    <ClInclude Include="..\..\include\BattleshipLike\bsdatagame.hpp">
      <Filter>Archivos de encabezado\Structure</Filter>
    </ClInclude>
    <ClInclude Include="..\..\include\BattleshipLike\bsscenes.hpp">
      <Filter>Archivos de encabezado\Structure</Filter>
    </ClInclude>
    <ClInclude Include="..\..\include\BattleshipLike\bsworlds.hpp">
      <Filter>Archivos de encabezado\Structure</Filter>
    </ClInclude>
    <ClInclude Include="..\..\include\BattleshipLike\bsartists.hpp">
      <Filter>Archivos de encabezado\Structure</Filter>
    </ClInclude>
    <ClInclude Include="..\..\include\BattleshipLike\bsactionblocks.hpp">
      <Filter>Archivos de encabezado\Structure</Filter>
    </ClInclude>
    <ClInclude Include="..\..\include\BattleshipLike\bsactionblocksforufos.hpp">
      <Filter>Archivos de encabezado\Structure\ActionBlocks</Filter>
    </ClInclude>
    <ClInclude Include="..\..\include\BattleshipLike\bsbattleship.hpp">
      <Filter>Archivos de encabezado\Structure\Artists</Filter>
    </ClInclude>
    <ClInclude Include="..\..\include\BattleshipLike\bsthingstocatch.hpp">
      <Filter>Archivos de encabezado\Structure\Artists</Filter>
    </ClInclude>
    <ClInclude Include="..\..\include\BattleshipLike\bsufo.hpp">
      <Filter>Archivos de encabezado\Structure\Artists</Filter>
    </ClInclude>
    <ClInclude Include="..\..\include\BattleshipLike\bsactionblocksforthingstocatch.hpp">
      <Filter>Archivos de encabezado\Structure\ActionBlocks</Filter>
    </ClInclude>
  </ItemGroup>
  <ItemGroup>
    <ClCompile Include="..\..\src\bsbuilders.cpp">
      <Filter>Archivos de código fuente\Structure\Builders</Filter>
    </ClCompile>
    <ClCompile Include="..\..\src\bsgame.cpp">
      <Filter>Archivos de código fuente\Structure</Filter>
    </ClCompile>
    <ClCompile Include="..\..\src\bsgamestates.cpp">
      <Filter>Archivos de código fuente\Structure</Filter>
    </ClCompile>
    <ClCompile Include="..\..\src\bsguisystem.cpp">
      <Filter>Archivos de código fuente\Structure</Filter>
    </ClCompile>
    <ClCompile Include="..\..\src\bsinputhandler.cpp">
      <Filter>Archivos de código fuente\Structure</Filter>
    </ClCompile>
    <ClCompile Include="..\..\src\bsscoreobjects.cpp">
      <Filter>Archivos de código fuente\Structure</Filter>
    </ClCompile>
    <ClCompile Include="..\..\src\bsdatagame.cpp">
      <Filter>Archivos de código fuente\Structure</Filter>
    </ClCompile>
    <ClCompile Include="..\..\src\bsartists.cpp">
      <Filter>Archivos de código fuente\Structure</Filter>
    </ClCompile>
    <ClCompile Include="..\..\src\bsworlds.cpp">
      <Filter>Archivos de código fuente\Structure</Filter>
    </ClCompile>
    <ClCompile Include="..\..\src\bsscenes.cpp">
      <Filter>Archivos de código fuente\Structure</Filter>
    </ClCompile>
    <ClCompile Include="..\..\src\bsactionblocks.cpp">
      <Filter>Archivos de código fuente\Structure</Filter>
    </ClCompile>
    <ClCompile Include="..\..\src\bsactionblocksforufos.cpp">
      <Filter>Archivos de código fuente\Structure\ActionBlocks</Filter>
    </ClCompile>
    <ClCompile Include="..\..\src\bsbattleship.cpp">
      <Filter>Archivos de código fuente\Structure\Artists</Filter>
    </ClCompile>
    <ClCompile Include="..\..\src\bsthingstocatch.cpp">
      <Filter>Archivos de código fuente\Structure\Artists</Filter>
    </ClCompile>
    <ClCompile Include="..\..\src\bsufo.cpp">
      <Filter>Archivos de código fuente\Structure\Artists</Filter>
    </ClCompile>
    <ClCompile Include="..\..\src\bsactionblocksforthingstocatch.cpp">
      <Filter>Archivos de código fuente\Structure\ActionBlocks</Filter>
    </ClCompile>
  </ItemGroup>
  <ItemGroup>
    <Xml Include="bsentities.xml">
      <Filter>Configuration</Filter>
    </Xml>
    <Xml Include="bsforms.xml">
      <Filter>Configuration</Filter>
    </Xml>
    <Xml Include="bsgamestates.xml">
      <Filter>Configuration</Filter>
    </Xml>
    <Xml Include="bsguisystem.xml">
      <Filter>Configuration</Filter>
    </Xml>
    <Xml Include="bsmaps.xml">
      <Filter>Configuration</Filter>
    </Xml>
    <Xml Include="bsmonitor.xml">
      <Filter>Configuration</Filter>
    </Xml>
    <Xml Include="bsmovements.xml">
      <Filter>Configuration</Filter>
    </Xml>
    <Xml Include="bsobjects.xml">
      <Filter>Configuration</Filter>
    </Xml>
    <Xml Include="bssounds.xml">
      <Filter>Configuration</Filter>
    </Xml>
    <Xml Include="maps\background.xml">
      <Filter>Data\Maps</Filter>
    </Xml>
    <Xml Include="adguisystem.xml">
      <Filter>Configuration</Filter>
    </Xml>
    <Xml Include="bsworlds.xml">
      <Filter>Configuration</Filter>
    </Xml>
    <Xml Include="maps\BKSpace1.xml">
      <Filter>Data\Maps</Filter>
    </Xml>
    <Xml Include="maps\BKSpace2.xml">
      <Filter>Data\Maps</Filter>
    </Xml>
    <Xml Include="maps\BKSpace3.xml">
      <Filter>Data\Maps</Filter>
    </Xml>
    <Xml Include="maps\BKSpace4.xml">
      <Filter>Data\Maps</Filter>
    </Xml>
    <Xml Include="maps\BKSpace5.xml">
      <Filter>Data\Maps</Filter>
    </Xml>
    <Xml Include="maps\BKSpace6.xml">
      <Filter>Data\Maps</Filter>
    </Xml>
    <Xml Include="maps\nomap.xml">
      <Filter>Data\Maps</Filter>
    </Xml>
    <Xml Include="bsconf.xml">
      <Filter>Configuration</Filter>
    </Xml>
    <Xml Include="forms\BarrelRolling\Barrel.xml">
      <Filter>Data\Forms\Sources\BarrelRolling</Filter>
    </Xml>
    <Xml Include="forms\LittleExplosion\LittleExplosion.xml">
      <Filter>Data\Forms\Sources\LittleExplosion</Filter>
    </Xml>
    <Xml Include="forms\Lives\Heart.xml">
      <Filter>Data\Forms\Sources\Lives</Filter>
    </Xml>
    <Xml Include="forms\Missiles\Missile1.xml">
      <Filter>Data\Forms\Sources\Missiles</Filter>
    </Xml>
    <Xml Include="forms\Missiles\Missile2.xml">
      <Filter>Data\Forms\Sources\Missiles</Filter>
    </Xml>
    <Xml Include="forms\Missiles\Missile3.xml">
      <Filter>Data\Forms\Sources\Missiles</Filter>
    </Xml>
    <Xml Include="forms\Missiles\Missile4.xml">
      <Filter>Data\Forms\Sources\Missiles</Filter>
    </Xml>
    <Xml Include="forms\Shield\power.xml">
      <Filter>Data\Forms\Sources\Shield</Filter>
    </Xml>
    <Xml Include="forms\ShootingBall\shootingball.xml">
      <Filter>Data\Forms\Sources\ShootingBall</Filter>
    </Xml>
    <Xml Include="forms\SpaceShipRolling\SpaceShipRolling.xml">
      <Filter>Data\Forms\Sources\SpaceShipRolling</Filter>
    </Xml>
    <Xml Include="forms\UFO\1\UFO1.xml">
      <Filter>Data\Forms\Sources\UFO\1</Filter>
    </Xml>
    <Xml Include="forms\UFO\2\UFO2.xml">
      <Filter>Data\Forms\Sources\UFO\2</Filter>
    </Xml>
    <Xml Include="forms\UFO\3\UFO3.xml">
      <Filter>Data\Forms\Sources\UFO\3</Filter>
    </Xml>
  </ItemGroup>
  <ItemGroup>
    <Media Include="sounds\backgroundmusic1.mp3">
      <Filter>Data\Sounds</Filter>
    </Media>
    <Media Include="sounds\backgroundmusic1.wav">
      <Filter>Data\Sounds</Filter>
    </Media>
    <Media Include="sounds\backgroundmusic2.mp3">
      <Filter>Data\Sounds</Filter>
    </Media>
    <Media Include="sounds\backgroundmusic2.wav">
      <Filter>Data\Sounds</Filter>
    </Media>
    <Media Include="sounds\backgroundmusic3.mp3">
      <Filter>Data\Sounds</Filter>
    </Media>
    <Media Include="sounds\backgroundmusic3.wav">
      <Filter>Data\Sounds</Filter>
    </Media>
    <Media Include="sounds\backgroundmusic4.mp3">
      <Filter>Data\Sounds</Filter>
    </Media>
    <Media Include="sounds\backgroundmusic4.wav">
      <Filter>Data\Sounds</Filter>
    </Media>
    <Media Include="sounds\backgroundmusic5.mp3">
      <Filter>Data\Sounds</Filter>
    </Media>
    <Media Include="sounds\backgroundmusic5.wav">
      <Filter>Data\Sounds</Filter>
    </Media>
    <Media Include="sounds\backgroundmusic6.mp3">
      <Filter>Data\Sounds</Filter>
    </Media>
    <Media Include="sounds\backgroundmusic6.wav">
      <Filter>Data\Sounds</Filter>
    </Media>
    <Media Include="sounds\endoflevel1.mp3">
      <Filter>Data\Sounds</Filter>
    </Media>
    <Media Include="sounds\endoflevel1.wav">
      <Filter>Data\Sounds</Filter>
    </Media>
    <Media Include="sounds\endoflevel2.mp3">
      <Filter>Data\Sounds</Filter>
    </Media>
    <Media Include="sounds\endoflevel2.wav">
      <Filter>Data\Sounds</Filter>
    </Media>
    <Media Include="sounds\fire.mp3">
      <Filter>Data\Sounds</Filter>
    </Media>
    <Media Include="sounds\fire.wav">
      <Filter>Data\Sounds</Filter>
    </Media>
    <Media Include="sounds\gameover1.mp3">
      <Filter>Data\Sounds</Filter>
    </Media>
    <Media Include="sounds\gameover1.wav">
      <Filter>Data\Sounds</Filter>
    </Media>
    <Media Include="sounds\gameover2.mp3">
      <Filter>Data\Sounds</Filter>
    </Media>
    <Media Include="sounds\gameover2.wav">
      <Filter>Data\Sounds</Filter>
    </Media>
    <Media Include="sounds\moreenergy.mp3">
      <Filter>Data\Sounds</Filter>
    </Media>
    <Media Include="sounds\moreenergy.wav">
      <Filter>Data\Sounds</Filter>
    </Media>
    <Media Include="sounds\ovniinscreen.mp3">
      <Filter>Data\Sounds</Filter>
    </Media>
    <Media Include="sounds\ovniinscreen.wav">
      <Filter>Data\Sounds</Filter>
    </Media>
    <Media Include="sounds\playerdies1.mp3">
      <Filter>Data\Sounds</Filter>
    </Media>
    <Media Include="sounds\playerdies1.wav">
      <Filter>Data\Sounds</Filter>
    </Media>
    <Media Include="sounds\playerdies2.mp3">
      <Filter>Data\Sounds</Filter>
    </Media>
    <Media Include="sounds\playerdies2.wav">
      <Filter>Data\Sounds</Filter>
    </Media>
    <Media Include="sounds\playerdies3.mp3">
      <Filter>Data\Sounds</Filter>
    </Media>
    <Media Include="sounds\playerdies3.wav">
      <Filter>Data\Sounds</Filter>
    </Media>
    <Media Include="sounds\playerdies4.mp3">
      <Filter>Data\Sounds</Filter>
    </Media>
    <Media Include="sounds\playerdies4.wav">
      <Filter>Data\Sounds</Filter>
    </Media>
    <Media Include="sounds\playerdies5.mp3">
      <Filter>Data\Sounds</Filter>
    </Media>
    <Media Include="sounds\playerdies5.wav">
      <Filter>Data\Sounds</Filter>
    </Media>
    <Media Include="sounds\playerdies6.mp3">
      <Filter>Data\Sounds</Filter>
    </Media>
    <Media Include="sounds\playerdies6.wav">
      <Filter>Data\Sounds</Filter>
    </Media>
    <Media Include="sounds\die.mp3">
      <Filter>Data\Sounds</Filter>
    </Media>
    <Media Include="sounds\die.wav">
      <Filter>Data\Sounds</Filter>
    </Media>
  </ItemGroup>
  <ItemGroup>
    <Image Include="forms\asteroids8.png">
      <Filter>Data\Forms</Filter>
    </Image>
    <Image Include="forms\asteroids9.png">
      <Filter>Data\Forms</Filter>
    </Image>
    <Image Include="forms\asteroids10.png">
      <Filter>Data\Forms</Filter>
    </Image>
    <Image Include="forms\asteroids11.png">
      <Filter>Data\Forms</Filter>
    </Image>
    <Image Include="forms\asteroids12.png">
      <Filter>Data\Forms</Filter>
    </Image>
    <Image Include="forms\asteroids13.png">
      <Filter>Data\Forms</Filter>
    </Image>
    <Image Include="forms\backgroundspace4.png">
      <Filter>Data\Forms</Filter>
    </Image>
    <Image Include="forms\backgroundspace5.png">
      <Filter>Data\Forms</Filter>
    </Image>
    <Image Include="forms\backgroundspace6.png">
      <Filter>Data\Forms</Filter>
    </Image>
    <Image Include="forms\backgroundspace7.png">
      <Filter>Data\Forms</Filter>
    </Image>
    <Image Include="forms\battleship.png">
      <Filter>Data\Forms</Filter>
    </Image>
    <Image Include="forms\battleshipgamelogo.png">
      <Filter>Data\Forms</Filter>
    </Image>
    <Image Include="forms\battleshiplittle.png">
      <Filter>Data\Forms</Filter>
    </Image>
    <Image Include="forms\battleshiprotating.png">
      <Filter>Data\Forms</Filter>
    </Image>
    <Image Include="forms\bullets.png">
      <Filter>Data\Forms</Filter>
    </Image>
    <Image Include="forms\explosion.png">
      <Filter>Data\Forms</Filter>
    </Image>
    <Image Include="forms\planet1.png">
      <Filter>Data\Forms</Filter>
    </Image>
    <Image Include="forms\planet2.png">
      <Filter>Data\Forms</Filter>
    </Image>
    <Image Include="forms\planet3.png">
      <Filter>Data\Forms</Filter>
    </Image>
    <Image Include="forms\shootings1.png">
      <Filter>Data\Forms</Filter>
    </Image>
    <Image Include="forms\shootings2.png">
      <Filter>Data\Forms</Filter>
    </Image>
    <Image Include="forms\shootings3.png">
      <Filter>Data\Forms</Filter>
    </Image>
    <Image Include="forms\spacebackground.png">
      <Filter>Data\Forms</Filter>
    </Image>
    <Image Include="forms\spaceshipleft.png">
      <Filter>Data\Forms</Filter>
    </Image>
    <Image Include="forms\spaceshipright.png">
      <Filter>Data\Forms</Filter>
    </Image>
    <Image Include="forms\spaceshipstay.png">
      <Filter>Data\Forms</Filter>
    </Image>
    <Image Include="forms\Missile1.png">
      <Filter>Data\Forms</Filter>
    </Image>
    <Image Include="forms\Missile2.png">
      <Filter>Data\Forms</Filter>
    </Image>
    <Image Include="forms\Missile3.png">
      <Filter>Data\Forms</Filter>
    </Image>
    <Image Include="forms\Missile4.png">
      <Filter>Data\Forms</Filter>
    </Image>
    <Image Include="forms\BKSpace001.png">
      <Filter>Data\Forms</Filter>
    </Image>
    <Image Include="forms\BKSpace002.png">
      <Filter>Data\Forms</Filter>
    </Image>
    <Image Include="forms\BKSpace003.png">
      <Filter>Data\Forms</Filter>
    </Image>
    <Image Include="forms\BKSpace004.png">
      <Filter>Data\Forms</Filter>
    </Image>
    <Image Include="forms\BKSpace005.png">
      <Filter>Data\Forms</Filter>
    </Image>
    <Image Include="forms\BKSpace006.png">
      <Filter>Data\Forms</Filter>
    </Image>
    <Image Include="forms\transparent.png">
      <Filter>Data\Forms</Filter>
    </Image>
    <Image Include="forms\backgroundspace3.png">
      <Filter>Data\Forms</Filter>
    </Image>
    <Image Include="forms\barrel.png">
      <Filter>Data\Forms</Filter>
    </Image>
    <Image Include="forms\battleshipicon.png">
      <Filter>Data\Forms</Filter>
    </Image>
    <Image Include="forms\battleshiplives.png">
      <Filter>Data\Forms</Filter>
    </Image>
    <Image Include="forms\battleshiprotatingdocomo.png">
      <Filter>Data\Forms</Filter>
    </Image>
    <Image Include="forms\BlankBackground.png">
      <Filter>Data\Forms</Filter>
    </Image>
    <Image Include="forms\greenenergyball.png">
      <Filter>Data\Forms</Filter>
    </Image>
    <Image Include="forms\heart.png">
      <Filter>Data\Forms</Filter>
    </Image>
    <Image Include="forms\LittleExplosion.png">
      <Filter>Data\Forms</Filter>
    </Image>
    <Image Include="forms\power.png">
      <Filter>Data\Forms</Filter>
    </Image>
    <Image Include="forms\shootingball.png">
      <Filter>Data\Forms</Filter>
    </Image>
    <Image Include="forms\spaceshipleftdocomo.png">
      <Filter>Data\Forms</Filter>
    </Image>
    <Image Include="forms\spaceshiprightdocomo.png">
      <Filter>Data\Forms</Filter>
    </Image>
    <Image Include="forms\spaceshipstaydocomo.png">
      <Filter>Data\Forms</Filter>
    </Image>
    <Image Include="forms\UFO1.png">
      <Filter>Data\Forms</Filter>
    </Image>
    <Image Include="forms\UFO2.png">
      <Filter>Data\Forms</Filter>
    </Image>
    <Image Include="forms\UFO3.png">
      <Filter>Data\Forms</Filter>
    </Image>
    <Image Include="forms\battleshipicon.ico">
      <Filter>Data\Forms</Filter>
    </Image>
    <Image Include="forms\BarrelRolling\barrel0.png">
      <Filter>Data\Forms\Sources\BarrelRolling</Filter>
    </Image>
    <Image Include="forms\BarrelRolling\barrel1.png">
      <Filter>Data\Forms\Sources\BarrelRolling</Filter>
    </Image>
    <Image Include="forms\BarrelRolling\barrel2.png">
      <Filter>Data\Forms\Sources\BarrelRolling</Filter>
    </Image>
    <Image Include="forms\BarrelRolling\barrel3.png">
      <Filter>Data\Forms\Sources\BarrelRolling</Filter>
    </Image>
    <Image Include="forms\BarrelRolling\barrel4.png">
      <Filter>Data\Forms\Sources\BarrelRolling</Filter>
    </Image>
    <Image Include="forms\BarrelRolling\barrel5.png">
      <Filter>Data\Forms\Sources\BarrelRolling</Filter>
    </Image>
    <Image Include="forms\BarrelRolling\barrel6.png">
      <Filter>Data\Forms\Sources\BarrelRolling</Filter>
    </Image>
    <Image Include="forms\BarrelRolling\barrel7.png">
      <Filter>Data\Forms\Sources\BarrelRolling</Filter>
    </Image>
    <Image Include="forms\BarrelRolling\barrel8.png">
      <Filter>Data\Forms\Sources\BarrelRolling</Filter>
    </Image>
    <Image Include="forms\BarrelRolling\barrel9.png">
      <Filter>Data\Forms\Sources\BarrelRolling</Filter>
    </Image>
    <Image Include="forms\BarrelRolling\barrel10.png">
      <Filter>Data\Forms\Sources\BarrelRolling</Filter>
    </Image>
    <Image Include="forms\BarrelRolling\barrel11.png">
      <Filter>Data\Forms\Sources\BarrelRolling</Filter>
    </Image>
    <Image Include="forms\BarrelRolling\barrel12.png">
      <Filter>Data\Forms\Sources\BarrelRolling</Filter>
    </Image>
    <Image Include="forms\BarrelRolling\barrel13.png">
      <Filter>Data\Forms\Sources\BarrelRolling</Filter>
    </Image>
    <Image Include="forms\BarrelRolling\barrel14.png">
      <Filter>Data\Forms\Sources\BarrelRolling</Filter>
    </Image>
    <Image Include="forms\BarrelRolling\barrel15.png">
      <Filter>Data\Forms\Sources\BarrelRolling</Filter>
    </Image>
    <Image Include="forms\BarrelRolling\barrel16.png">
      <Filter>Data\Forms\Sources\BarrelRolling</Filter>
    </Image>
    <Image Include="forms\BarrelRolling\barrel17.png">
      <Filter>Data\Forms\Sources\BarrelRolling</Filter>
    </Image>
    <Image Include="forms\BarrelRolling\Barrel.png">
      <Filter>Data\Forms\Sources\BarrelRolling</Filter>
    </Image>
    <Image Include="forms\LittleExplosion\explosionlittle-9.png">
      <Filter>Data\Forms\Sources\LittleExplosion</Filter>
    </Image>
    <Image Include="forms\LittleExplosion\explosionlittle-10.png">
      <Filter>Data\Forms\Sources\LittleExplosion</Filter>
    </Image>
    <Image Include="forms\LittleExplosion\explosionlittle-11.png">
      <Filter>Data\Forms\Sources\LittleExplosion</Filter>
    </Image>
    <Image Include="forms\LittleExplosion\explosionlittle-12.png">
      <Filter>Data\Forms\Sources\LittleExplosion</Filter>
    </Image>
    <Image Include="forms\LittleExplosion\explosionlittle-13.png">
      <Filter>Data\Forms\Sources\LittleExplosion</Filter>
    </Image>
    <Image Include="forms\LittleExplosion\explosionlittle-14.png">
      <Filter>Data\Forms\Sources\LittleExplosion</Filter>
    </Image>
    <Image Include="forms\LittleExplosion\explosionlittle-15.png">
      <Filter>Data\Forms\Sources\LittleExplosion</Filter>
    </Image>
    <Image Include="forms\LittleExplosion\explosionlittle-16.png">
      <Filter>Data\Forms\Sources\LittleExplosion</Filter>
    </Image>
    <Image Include="forms\LittleExplosion\explosionlittle-17.png">
      <Filter>Data\Forms\Sources\LittleExplosion</Filter>
    </Image>
    <Image Include="forms\LittleExplosion\explosionlittle-18.png">
      <Filter>Data\Forms\Sources\LittleExplosion</Filter>
    </Image>
    <Image Include="forms\LittleExplosion\explosionlittle-19.png">
      <Filter>Data\Forms\Sources\LittleExplosion</Filter>
    </Image>
    <Image Include="forms\LittleExplosion\explosionlittle-20.png">
      <Filter>Data\Forms\Sources\LittleExplosion</Filter>
    </Image>
    <Image Include="forms\LittleExplosion\explosionlittle-21.png">
      <Filter>Data\Forms\Sources\LittleExplosion</Filter>
    </Image>
    <Image Include="forms\LittleExplosion\explosionlittle-22.png">
      <Filter>Data\Forms\Sources\LittleExplosion</Filter>
    </Image>
    <Image Include="forms\LittleExplosion\explosionlittle-23.png">
      <Filter>Data\Forms\Sources\LittleExplosion</Filter>
    </Image>
    <Image Include="forms\LittleExplosion\explosionlittle-24.png">
      <Filter>Data\Forms\Sources\LittleExplosion</Filter>
    </Image>
    <Image Include="forms\LittleExplosion\LittleExplosion.png">
      <Filter>Data\Forms\Sources\LittleExplosion</Filter>
    </Image>
    <Image Include="forms\LittleExplosion\explosionlittle.png">
      <Filter>Data\Forms\Sources\LittleExplosion</Filter>
    </Image>
    <Image Include="forms\LittleExplosion\explosionlittle-0.png">
      <Filter>Data\Forms\Sources\LittleExplosion</Filter>
    </Image>
    <Image Include="forms\LittleExplosion\explosionlittle-1.png">
      <Filter>Data\Forms\Sources\LittleExplosion</Filter>
    </Image>
    <Image Include="forms\LittleExplosion\explosionlittle-2.png">
      <Filter>Data\Forms\Sources\LittleExplosion</Filter>
    </Image>
    <Image Include="forms\LittleExplosion\explosionlittle-3.png">
      <Filter>Data\Forms\Sources\LittleExplosion</Filter>
    </Image>
    <Image Include="forms\LittleExplosion\explosionlittle-4.png">
      <Filter>Data\Forms\Sources\LittleExplosion</Filter>
    </Image>
    <Image Include="forms\LittleExplosion\explosionlittle-5.png">
      <Filter>Data\Forms\Sources\LittleExplosion</Filter>
    </Image>
    <Image Include="forms\LittleExplosion\explosionlittle-6.png">
      <Filter>Data\Forms\Sources\LittleExplosion</Filter>
    </Image>
    <Image Include="forms\LittleExplosion\explosionlittle-7.png">
      <Filter>Data\Forms\Sources\LittleExplosion</Filter>
    </Image>
    <Image Include="forms\LittleExplosion\explosionlittle-8.png">
      <Filter>Data\Forms\Sources\LittleExplosion</Filter>
    </Image>
    <Image Include="forms\Lives\heart02.png">
      <Filter>Data\Forms\Sources\Lives</Filter>
    </Image>
    <Image Include="forms\Lives\heart03.png">
      <Filter>Data\Forms\Sources\Lives</Filter>
    </Image>
    <Image Include="forms\Lives\heart04.png">
      <Filter>Data\Forms\Sources\Lives</Filter>
    </Image>
    <Image Include="forms\Lives\heart05.png">
      <Filter>Data\Forms\Sources\Lives</Filter>
    </Image>
    <Image Include="forms\Lives\heart06.png">
      <Filter>Data\Forms\Sources\Lives</Filter>
    </Image>
    <Image Include="forms\Lives\heart07.png">
      <Filter>Data\Forms\Sources\Lives</Filter>
    </Image>
    <Image Include="forms\Lives\heart08.png">
      <Filter>Data\Forms\Sources\Lives</Filter>
    </Image>
    <Image Include="forms\Lives\heart09.png">
      <Filter>Data\Forms\Sources\Lives</Filter>
    </Image>
    <Image Include="forms\Lives\heart10.png">
      <Filter>Data\Forms\Sources\Lives</Filter>
    </Image>
    <Image Include="forms\Lives\Heart.png">
      <Filter>Data\Forms\Sources\Lives</Filter>
    </Image>
    <Image Include="forms\Lives\heart01.png">
      <Filter>Data\Forms\Sources\Lives</Filter>
    </Image>
    <Image Include="forms\Missiles\Missile422.png">
      <Filter>Data\Forms\Sources\Missiles</Filter>
    </Image>
    <Image Include="forms\Missiles\Missile423.png">
      <Filter>Data\Forms\Sources\Missiles</Filter>
    </Image>
    <Image Include="forms\Missiles\platform_game_style_type_1.png">
      <Filter>Data\Forms\Sources\Missiles</Filter>
    </Image>
    <Image Include="forms\Missiles\platform_game_style_type_2.png">
      <Filter>Data\Forms\Sources\Missiles</Filter>
    </Image>
    <Image Include="forms\Missiles\platform_game_style_type_3.png">
      <Filter>Data\Forms\Sources\Missiles</Filter>
    </Image>
    <Image Include="forms\Missiles\platform_game_style_type_4.png">
      <Filter>Data\Forms\Sources\Missiles</Filter>
    </Image>
    <Image Include="forms\Missiles\platform_game_style_type_5.png">
      <Filter>Data\Forms\Sources\Missiles</Filter>
    </Image>
    <Image Include="forms\Missiles\cool_blue_type_4.png">
      <Filter>Data\Forms\Sources\Missiles</Filter>
    </Image>
    <Image Include="forms\Missiles\Missile1.png">
      <Filter>Data\Forms\Sources\Missiles</Filter>
    </Image>
    <Image Include="forms\Missiles\Missile2.png">
      <Filter>Data\Forms\Sources\Missiles</Filter>
    </Image>
    <Image Include="forms\Missiles\Missile3.png">
      <Filter>Data\Forms\Sources\Missiles</Filter>
    </Image>
    <Image Include="forms\Missiles\Missile4.png">
      <Filter>Data\Forms\Sources\Missiles</Filter>
    </Image>
    <Image Include="forms\Missiles\Missile100.png">
      <Filter>Data\Forms\Sources\Missiles</Filter>
    </Image>
    <Image Include="forms\Missiles\Missile101.png">
      <Filter>Data\Forms\Sources\Missiles</Filter>
    </Image>
    <Image Include="forms\Missiles\Missile102.png">
      <Filter>Data\Forms\Sources\Missiles</Filter>
    </Image>
    <Image Include="forms\Missiles\Missile103.png">
      <Filter>Data\Forms\Sources\Missiles</Filter>
    </Image>
    <Image Include="forms\Missiles\Missile104.png">
      <Filter>Data\Forms\Sources\Missiles</Filter>
    </Image>
    <Image Include="forms\Missiles\Missile105.png">
      <Filter>Data\Forms\Sources\Missiles</Filter>
    </Image>
    <Image Include="forms\Missiles\Missile106.png">
      <Filter>Data\Forms\Sources\Missiles</Filter>
    </Image>
    <Image Include="forms\Missiles\Missile107.png">
      <Filter>Data\Forms\Sources\Missiles</Filter>
    </Image>
    <Image Include="forms\Missiles\Missile108.png">
      <Filter>Data\Forms\Sources\Missiles</Filter>
    </Image>
    <Image Include="forms\Missiles\Missile109.png">
      <Filter>Data\Forms\Sources\Missiles</Filter>
    </Image>
    <Image Include="forms\Missiles\Missile110.png">
      <Filter>Data\Forms\Sources\Missiles</Filter>
    </Image>
    <Image Include="forms\Missiles\Missile111.png">
      <Filter>Data\Forms\Sources\Missiles</Filter>
    </Image>
    <Image Include="forms\Missiles\Missile112.png">
      <Filter>Data\Forms\Sources\Missiles</Filter>
    </Image>
    <Image Include="forms\Missiles\Missile113.png">
      <Filter>Data\Forms\Sources\Missiles</Filter>
    </Image>
    <Image Include="forms\Missiles\Missile114.png">
      <Filter>Data\Forms\Sources\Missiles</Filter>
    </Image>
    <Image Include="forms\Missiles\Missile115.png">
      <Filter>Data\Forms\Sources\Missiles</Filter>
    </Image>
    <Image Include="forms\Missiles\Missile116.png">
      <Filter>Data\Forms\Sources\Missiles</Filter>
    </Image>
    <Image Include="forms\Missiles\Missile117.png">
      <Filter>Data\Forms\Sources\Missiles</Filter>
    </Image>
    <Image Include="forms\Missiles\Missile118.png">
      <Filter>Data\Forms\Sources\Missiles</Filter>
    </Image>
    <Image Include="forms\Missiles\Missile119.png">
      <Filter>Data\Forms\Sources\Missiles</Filter>
    </Image>
    <Image Include="forms\Missiles\Missile120.png">
      <Filter>Data\Forms\Sources\Missiles</Filter>
    </Image>
    <Image Include="forms\Missiles\Missile121.png">
      <Filter>Data\Forms\Sources\Missiles</Filter>
    </Image>
    <Image Include="forms\Missiles\Missile122.png">
      <Filter>Data\Forms\Sources\Missiles</Filter>
    </Image>
    <Image Include="forms\Missiles\Missile123.png">
      <Filter>Data\Forms\Sources\Missiles</Filter>
    </Image>
    <Image Include="forms\Missiles\Missile200.png">
      <Filter>Data\Forms\Sources\Missiles</Filter>
    </Image>
    <Image Include="forms\Missiles\Missile201.png">
      <Filter>Data\Forms\Sources\Missiles</Filter>
    </Image>
    <Image Include="forms\Missiles\Missile202.png">
      <Filter>Data\Forms\Sources\Missiles</Filter>
    </Image>
    <Image Include="forms\Missiles\Missile203.png">
      <Filter>Data\Forms\Sources\Missiles</Filter>
    </Image>
    <Image Include="forms\Missiles\Missile204.png">
      <Filter>Data\Forms\Sources\Missiles</Filter>
    </Image>
    <Image Include="forms\Missiles\Missile205.png">
      <Filter>Data\Forms\Sources\Missiles</Filter>
    </Image>
    <Image Include="forms\Missiles\Missile206.png">
      <Filter>Data\Forms\Sources\Missiles</Filter>
    </Image>
    <Image Include="forms\Missiles\Missile207.png">
      <Filter>Data\Forms\Sources\Missiles</Filter>
    </Image>
    <Image Include="forms\Missiles\Missile208.png">
      <Filter>Data\Forms\Sources\Missiles</Filter>
    </Image>
    <Image Include="forms\Missiles\Missile209.png">
      <Filter>Data\Forms\Sources\Missiles</Filter>
    </Image>
    <Image Include="forms\Missiles\Missile210.png">
      <Filter>Data\Forms\Sources\Missiles</Filter>
    </Image>
    <Image Include="forms\Missiles\Missile211.png">
      <Filter>Data\Forms\Sources\Missiles</Filter>
    </Image>
    <Image Include="forms\Missiles\Missile212.png">
      <Filter>Data\Forms\Sources\Missiles</Filter>
    </Image>
    <Image Include="forms\Missiles\Missile213.png">
      <Filter>Data\Forms\Sources\Missiles</Filter>
    </Image>
    <Image Include="forms\Missiles\Missile214.png">
      <Filter>Data\Forms\Sources\Missiles</Filter>
    </Image>
    <Image Include="forms\Missiles\Missile215.png">
      <Filter>Data\Forms\Sources\Missiles</Filter>
    </Image>
    <Image Include="forms\Missiles\Missile216.png">
      <Filter>Data\Forms\Sources\Missiles</Filter>
    </Image>
    <Image Include="forms\Missiles\Missile217.png">
      <Filter>Data\Forms\Sources\Missiles</Filter>
    </Image>
    <Image Include="forms\Missiles\Missile218.png">
      <Filter>Data\Forms\Sources\Missiles</Filter>
    </Image>
    <Image Include="forms\Missiles\Missile219.png">
      <Filter>Data\Forms\Sources\Missiles</Filter>
    </Image>
    <Image Include="forms\Missiles\Missile220.png">
      <Filter>Data\Forms\Sources\Missiles</Filter>
    </Image>
    <Image Include="forms\Missiles\Missile221.png">
      <Filter>Data\Forms\Sources\Missiles</Filter>
    </Image>
    <Image Include="forms\Missiles\Missile222.png">
      <Filter>Data\Forms\Sources\Missiles</Filter>
    </Image>
    <Image Include="forms\Missiles\Missile223.png">
      <Filter>Data\Forms\Sources\Missiles</Filter>
    </Image>
    <Image Include="forms\Missiles\Missile300.png">
      <Filter>Data\Forms\Sources\Missiles</Filter>
    </Image>
    <Image Include="forms\Missiles\Missile301.png">
      <Filter>Data\Forms\Sources\Missiles</Filter>
    </Image>
    <Image Include="forms\Missiles\Missile302.png">
      <Filter>Data\Forms\Sources\Missiles</Filter>
    </Image>
    <Image Include="forms\Missiles\Missile303.png">
      <Filter>Data\Forms\Sources\Missiles</Filter>
    </Image>
    <Image Include="forms\Missiles\Missile304.png">
      <Filter>Data\Forms\Sources\Missiles</Filter>
    </Image>
    <Image Include="forms\Missiles\Missile305.png">
      <Filter>Data\Forms\Sources\Missiles</Filter>
    </Image>
    <Image Include="forms\Missiles\Missile306.png">
      <Filter>Data\Forms\Sources\Missiles</Filter>
    </Image>
    <Image Include="forms\Missiles\Missile307.png">
      <Filter>Data\Forms\Sources\Missiles</Filter>
    </Image>
    <Image Include="forms\Missiles\Missile308.png">
      <Filter>Data\Forms\Sources\Missiles</Filter>
    </Image>
    <Image Include="forms\Missiles\Missile309.png">
      <Filter>Data\Forms\Sources\Missiles</Filter>
    </Image>
    <Image Include="forms\Missiles\Missile310.png">
      <Filter>Data\Forms\Sources\Missiles</Filter>
    </Image>
    <Image Include="forms\Missiles\Missile311.png">
      <Filter>Data\Forms\Sources\Missiles</Filter>
    </Image>
    <Image Include="forms\Missiles\Missile312.png">
      <Filter>Data\Forms\Sources\Missiles</Filter>
    </Image>
    <Image Include="forms\Missiles\Missile313.png">
      <Filter>Data\Forms\Sources\Missiles</Filter>
    </Image>
    <Image Include="forms\Missiles\Missile314.png">
      <Filter>Data\Forms\Sources\Missiles</Filter>
    </Image>
    <Image Include="forms\Missiles\Missile315.png">
      <Filter>Data\Forms\Sources\Missiles</Filter>
    </Image>
    <Image Include="forms\Missiles\Missile316.png">
      <Filter>Data\Forms\Sources\Missiles</Filter>
    </Image>
    <Image Include="forms\Missiles\Missile317.png">
      <Filter>Data\Forms\Sources\Missiles</Filter>
    </Image>
    <Image Include="forms\Missiles\Missile318.png">
      <Filter>Data\Forms\Sources\Missiles</Filter>
    </Image>
    <Image Include="forms\Missiles\Missile319.png">
      <Filter>Data\Forms\Sources\Missiles</Filter>
    </Image>
    <Image Include="forms\Missiles\Missile320.png">
      <Filter>Data\Forms\Sources\Missiles</Filter>
    </Image>
    <Image Include="forms\Missiles\Missile321.png">
      <Filter>Data\Forms\Sources\Missiles</Filter>
    </Image>
    <Image Include="forms\Missiles\Missile322.png">
      <Filter>Data\Forms\Sources\Missiles</Filter>
    </Image>
    <Image Include="forms\Missiles\Missile323.png">
      <Filter>Data\Forms\Sources\Missiles</Filter>
    </Image>
    <Image Include="forms\Missiles\Missile400.png">
      <Filter>Data\Forms\Sources\Missiles</Filter>
    </Image>
    <Image Include="forms\Missiles\Missile401.png">
      <Filter>Data\Forms\Sources\Missiles</Filter>
    </Image>
    <Image Include="forms\Missiles\Missile402.png">
      <Filter>Data\Forms\Sources\Missiles</Filter>
    </Image>
    <Image Include="forms\Missiles\Missile403.png">
      <Filter>Data\Forms\Sources\Missiles</Filter>
    </Image>
    <Image Include="forms\Missiles\Missile404.png">
      <Filter>Data\Forms\Sources\Missiles</Filter>
    </Image>
    <Image Include="forms\Missiles\Missile405.png">
      <Filter>Data\Forms\Sources\Missiles</Filter>
    </Image>
    <Image Include="forms\Missiles\Missile406.png">
      <Filter>Data\Forms\Sources\Missiles</Filter>
    </Image>
    <Image Include="forms\Missiles\Missile407.png">
      <Filter>Data\Forms\Sources\Missiles</Filter>
    </Image>
    <Image Include="forms\Missiles\Missile408.png">
      <Filter>Data\Forms\Sources\Missiles</Filter>
    </Image>
    <Image Include="forms\Missiles\Missile409.png">
      <Filter>Data\Forms\Sources\Missiles</Filter>
    </Image>
    <Image Include="forms\Missiles\Missile410.png">
      <Filter>Data\Forms\Sources\Missiles</Filter>
    </Image>
    <Image Include="forms\Missiles\Missile411.png">
      <Filter>Data\Forms\Sources\Missiles</Filter>
    </Image>
    <Image Include="forms\Missiles\Missile412.png">
      <Filter>Data\Forms\Sources\Missiles</Filter>
    </Image>
    <Image Include="forms\Missiles\Missile413.png">
      <Filter>Data\Forms\Sources\Missiles</Filter>
    </Image>
    <Image Include="forms\Missiles\Missile414.png">
      <Filter>Data\Forms\Sources\Missiles</Filter>
    </Image>
    <Image Include="forms\Missiles\Missile415.png">
      <Filter>Data\Forms\Sources\Missiles</Filter>
    </Image>
    <Image Include="forms\Missiles\Missile416.png">
      <Filter>Data\Forms\Sources\Missiles</Filter>
    </Image>
    <Image Include="forms\Missiles\Missile417.png">
      <Filter>Data\Forms\Sources\Missiles</Filter>
    </Image>
    <Image Include="forms\Missiles\Missile418.png">
      <Filter>Data\Forms\Sources\Missiles</Filter>
    </Image>
    <Image Include="forms\Missiles\Missile419.png">
      <Filter>Data\Forms\Sources\Missiles</Filter>
    </Image>
    <Image Include="forms\Missiles\Missile420.png">
      <Filter>Data\Forms\Sources\Missiles</Filter>
    </Image>
    <Image Include="forms\Missiles\Missile421.png">
      <Filter>Data\Forms\Sources\Missiles</Filter>
    </Image>
    <Image Include="forms\Shield\frame-1.png">
      <Filter>Data\Forms\Sources\Shield</Filter>
    </Image>
    <Image Include="forms\Shield\frame-2.png">
      <Filter>Data\Forms\Sources\Shield</Filter>
    </Image>
    <Image Include="forms\Shield\frame-3.png">
      <Filter>Data\Forms\Sources\Shield</Filter>
    </Image>
    <Image Include="forms\Shield\frame-4.png">
      <Filter>Data\Forms\Sources\Shield</Filter>
    </Image>
    <Image Include="forms\Shield\frame-5.png">
      <Filter>Data\Forms\Sources\Shield</Filter>
    </Image>
    <Image Include="forms\Shield\frame-6.png">
      <Filter>Data\Forms\Sources\Shield</Filter>
    </Image>
    <Image Include="forms\Shield\frame-7.png">
      <Filter>Data\Forms\Sources\Shield</Filter>
    </Image>
    <Image Include="forms\Shield\frame-8.png">
      <Filter>Data\Forms\Sources\Shield</Filter>
    </Image>
    <Image Include="forms\Shield\frame-9.png">
      <Filter>Data\Forms\Sources\Shield</Filter>
    </Image>
    <Image Include="forms\Shield\frame-10.png">
      <Filter>Data\Forms\Sources\Shield</Filter>
    </Image>
    <Image Include="forms\Shield\power.png">
      <Filter>Data\Forms\Sources\Shield</Filter>
    </Image>
    <Image Include="forms\ShootingBall\tile001.png">
      <Filter>Data\Forms\Sources\ShootingBall</Filter>
    </Image>
    <Image Include="forms\ShootingBall\tile002.png">
      <Filter>Data\Forms\Sources\ShootingBall</Filter>
    </Image>
    <Image Include="forms\ShootingBall\tile003.png">
      <Filter>Data\Forms\Sources\ShootingBall</Filter>
    </Image>
    <Image Include="forms\ShootingBall\tile004.png">
      <Filter>Data\Forms\Sources\ShootingBall</Filter>
    </Image>
    <Image Include="forms\ShootingBall\tile005.png">
      <Filter>Data\Forms\Sources\ShootingBall</Filter>
    </Image>
    <Image Include="forms\ShootingBall\tile006.png">
      <Filter>Data\Forms\Sources\ShootingBall</Filter>
    </Image>
    <Image Include="forms\ShootingBall\tile007.png">
      <Filter>Data\Forms\Sources\ShootingBall</Filter>
    </Image>
    <Image Include="forms\ShootingBall\tile008.png">
      <Filter>Data\Forms\Sources\ShootingBall</Filter>
    </Image>
    <Image Include="forms\ShootingBall\tile009.png">
      <Filter>Data\Forms\Sources\ShootingBall</Filter>
    </Image>
    <Image Include="forms\ShootingBall\tile010.png">
      <Filter>Data\Forms\Sources\ShootingBall</Filter>
    </Image>
    <Image Include="forms\ShootingBall\tile011.png">
      <Filter>Data\Forms\Sources\ShootingBall</Filter>
    </Image>
    <Image Include="forms\ShootingBall\tile012.png">
      <Filter>Data\Forms\Sources\ShootingBall</Filter>
    </Image>
    <Image Include="forms\ShootingBall\tile013.png">
      <Filter>Data\Forms\Sources\ShootingBall</Filter>
    </Image>
    <Image Include="forms\ShootingBall\tile014.png">
      <Filter>Data\Forms\Sources\ShootingBall</Filter>
    </Image>
    <Image Include="forms\ShootingBall\tile015.png">
      <Filter>Data\Forms\Sources\ShootingBall</Filter>
    </Image>
    <Image Include="forms\ShootingBall\tile016.png">
      <Filter>Data\Forms\Sources\ShootingBall</Filter>
    </Image>
    <Image Include="forms\ShootingBall\tile017.png">
      <Filter>Data\Forms\Sources\ShootingBall</Filter>
    </Image>
    <Image Include="forms\ShootingBall\tile018.png">
      <Filter>Data\Forms\Sources\ShootingBall</Filter>
    </Image>
    <Image Include="forms\ShootingBall\tile019.png">
      <Filter>Data\Forms\Sources\ShootingBall</Filter>
    </Image>
    <Image Include="forms\ShootingBall\shootingball.png">
      <Filter>Data\Forms\Sources\ShootingBall</Filter>
    </Image>
    <Image Include="forms\ShootingBall\tile000.png">
      <Filter>Data\Forms\Sources\ShootingBall</Filter>
    </Image>
    <Image Include="forms\SpaceShipRolling\BS7.png">
      <Filter>Data\Forms\Sources\SpaceShipRolling</Filter>
    </Image>
    <Image Include="forms\SpaceShipRolling\BS8.png">
      <Filter>Data\Forms\Sources\SpaceShipRolling</Filter>
    </Image>
    <Image Include="forms\SpaceShipRolling\BS9.png">
      <Filter>Data\Forms\Sources\SpaceShipRolling</Filter>
    </Image>
    <Image Include="forms\SpaceShipRolling\BS10.png">
      <Filter>Data\Forms\Sources\SpaceShipRolling</Filter>
    </Image>
    <Image Include="forms\SpaceShipRolling\BS11.png">
      <Filter>Data\Forms\Sources\SpaceShipRolling</Filter>
    </Image>
    <Image Include="forms\SpaceShipRolling\BS12.png">
      <Filter>Data\Forms\Sources\SpaceShipRolling</Filter>
    </Image>
    <Image Include="forms\SpaceShipRolling\BS13.png">
      <Filter>Data\Forms\Sources\SpaceShipRolling</Filter>
    </Image>
    <Image Include="forms\SpaceShipRolling\BS14.png">
      <Filter>Data\Forms\Sources\SpaceShipRolling</Filter>
    </Image>
    <Image Include="forms\SpaceShipRolling\BS15.png">
      <Filter>Data\Forms\Sources\SpaceShipRolling</Filter>
    </Image>
    <Image Include="forms\SpaceShipRolling\BS16.png">
      <Filter>Data\Forms\Sources\SpaceShipRolling</Filter>
    </Image>
    <Image Include="forms\SpaceShipRolling\BS17.png">
      <Filter>Data\Forms\Sources\SpaceShipRolling</Filter>
    </Image>
    <Image Include="forms\SpaceShipRolling\SpaceShipRolling.png">
      <Filter>Data\Forms\Sources\SpaceShipRolling</Filter>
    </Image>
    <Image Include="forms\SpaceShipRolling\BS0.png">
      <Filter>Data\Forms\Sources\SpaceShipRolling</Filter>
    </Image>
    <Image Include="forms\SpaceShipRolling\BS1.png">
      <Filter>Data\Forms\Sources\SpaceShipRolling</Filter>
    </Image>
    <Image Include="forms\SpaceShipRolling\BS2.png">
      <Filter>Data\Forms\Sources\SpaceShipRolling</Filter>
    </Image>
    <Image Include="forms\SpaceShipRolling\BS3.png">
      <Filter>Data\Forms\Sources\SpaceShipRolling</Filter>
    </Image>
    <Image Include="forms\SpaceShipRolling\BS4.png">
      <Filter>Data\Forms\Sources\SpaceShipRolling</Filter>
    </Image>
    <Image Include="forms\SpaceShipRolling\BS5.png">
      <Filter>Data\Forms\Sources\SpaceShipRolling</Filter>
    </Image>
    <Image Include="forms\SpaceShipRolling\BS6.png">
      <Filter>Data\Forms\Sources\SpaceShipRolling</Filter>
    </Image>
    <Image Include="forms\UFO\1\Enemy Ship 1-5.png">
      <Filter>Data\Forms\Sources\UFO\1</Filter>
    </Image>
    <Image Include="forms\UFO\1\Enemy Ship 1-6.png">
      <Filter>Data\Forms\Sources\UFO\1</Filter>
    </Image>
    <Image Include="forms\UFO\1\UFO1.png">
      <Filter>Data\Forms\Sources\UFO\1</Filter>
    </Image>
    <Image Include="forms\UFO\1\Enemy Ship 1-1.png">
      <Filter>Data\Forms\Sources\UFO\1</Filter>
    </Image>
    <Image Include="forms\UFO\1\Enemy Ship 1-2.png">
      <Filter>Data\Forms\Sources\UFO\1</Filter>
    </Image>
    <Image Include="forms\UFO\1\Enemy Ship 1-3.png">
      <Filter>Data\Forms\Sources\UFO\1</Filter>
    </Image>
    <Image Include="forms\UFO\1\Enemy Ship 1-4.png">
      <Filter>Data\Forms\Sources\UFO\1</Filter>
    </Image>
    <Image Include="forms\UFO\2\UFO2.png">
      <Filter>Data\Forms\Sources\UFO\2</Filter>
    </Image>
    <Image Include="forms\UFO\2\Enemy Ship 2-1.png">
      <Filter>Data\Forms\Sources\UFO\2</Filter>
    </Image>
    <Image Include="forms\UFO\2\Enemy Ship 2-2.png">
      <Filter>Data\Forms\Sources\UFO\2</Filter>
    </Image>
    <Image Include="forms\UFO\2\Enemy Ship 2-3.png">
      <Filter>Data\Forms\Sources\UFO\2</Filter>
    </Image>
    <Image Include="forms\UFO\2\Enemy Ship 2-4.png">
      <Filter>Data\Forms\Sources\UFO\2</Filter>
    </Image>
    <Image Include="forms\UFO\2\Enemy Ship 2-5.png">
      <Filter>Data\Forms\Sources\UFO\2</Filter>
    </Image>
    <Image Include="forms\UFO\2\Enemy Ship 2-6.png">
      <Filter>Data\Forms\Sources\UFO\2</Filter>
    </Image>
    <Image Include="forms\UFO\3\Enemy Ship 25-1.png">
      <Filter>Data\Forms\Sources\UFO\3</Filter>
    </Image>
    <Image Include="forms\UFO\3\Enemy Ship 25-2.png">
      <Filter>Data\Forms\Sources\UFO\3</Filter>
    </Image>
    <Image Include="forms\UFO\3\Enemy Ship 25-3.png">
      <Filter>Data\Forms\Sources\UFO\3</Filter>
    </Image>
    <Image Include="forms\UFO\3\Enemy Ship 25-4.png">
      <Filter>Data\Forms\Sources\UFO\3</Filter>
    </Image>
    <Image Include="forms\UFO\3\UFO3.png">
      <Filter>Data\Forms\Sources\UFO\3</Filter>
    </Image>
  </ItemGroup>
  <ItemGroup>
    <None Include="forms\BarrelRolling\Barrel.tps">
      <Filter>Data\Forms\Sources\BarrelRolling</Filter>
    </None>
    <None Include="forms\BarrelRolling\barrel.xcf">
      <Filter>Data\Forms\Sources\BarrelRolling</Filter>
    </None>
    <None Include="forms\LittleExplosion\LIttleExplosion.tps">
      <Filter>Data\Forms\Sources\LittleExplosion</Filter>
    </None>
    <None Include="forms\LittleExplosion\explosionlittle.xcf">
      <Filter>Data\Forms\Sources\LittleExplosion</Filter>
    </None>
    <None Include="forms\Lives\heart01.xcf">
      <Filter>Data\Forms\Sources\Lives</Filter>
    </None>
    <None Include="forms\Lives\heart02.xcf">
      <Filter>Data\Forms\Sources\Lives</Filter>
    </None>
    <None Include="forms\Lives\heart03.xcf">
      <Filter>Data\Forms\Sources\Lives</Filter>
    </None>
    <None Include="forms\Lives\heart04.xcf">
      <Filter>Data\Forms\Sources\Lives</Filter>
    </None>
    <None Include="forms\Lives\heart05.xcf">
      <Filter>Data\Forms\Sources\Lives</Filter>
    </None>
    <None Include="forms\Lives\heart06.xcf">
      <Filter>Data\Forms\Sources\Lives</Filter>
    </None>
    <None Include="forms\Lives\heart07.xcf">
      <Filter>Data\Forms\Sources\Lives</Filter>
    </None>
    <None Include="forms\Lives\heart08.xcf">
      <Filter>Data\Forms\Sources\Lives</Filter>
    </None>
    <None Include="forms\Lives\heart09.xcf">
      <Filter>Data\Forms\Sources\Lives</Filter>
    </None>
    <None Include="forms\Lives\heart10.xcf">
      <Filter>Data\Forms\Sources\Lives</Filter>
    </None>
    <None Include="forms\Lives\Heart.tps">
      <Filter>Data\Forms\Sources\Lives</Filter>
    </None>
    <None Include="forms\Missiles\Missile1.xcf">
      <Filter>Data\Forms\Sources\Missiles</Filter>
    </None>
    <None Include="forms\Missiles\Missile2.xcf">
      <Filter>Data\Forms\Sources\Missiles</Filter>
    </None>
    <None Include="forms\Missiles\Missile3.xcf">
      <Filter>Data\Forms\Sources\Missiles</Filter>
    </None>
    <None Include="forms\Missiles\Missile4.xcf">
      <Filter>Data\Forms\Sources\Missiles</Filter>
    </None>
    <None Include="forms\Missiles\Missile1.tps">
      <Filter>Data\Forms\Sources\Missiles</Filter>
    </None>
    <None Include="forms\Missiles\Missile2.tps">
      <Filter>Data\Forms\Sources\Missiles</Filter>
    </None>
    <None Include="forms\Missiles\Missile3.tps">
      <Filter>Data\Forms\Sources\Missiles</Filter>
    </None>
    <None Include="forms\Missiles\Missile4.tps">
      <Filter>Data\Forms\Sources\Missiles</Filter>
    </None>
    <None Include="forms\Shield\power.tps">
      <Filter>Data\Forms\Sources\Shield</Filter>
    </None>
    <None Include="forms\ShootingBall\shootingball.tps">
      <Filter>Data\Forms\Sources\ShootingBall</Filter>
    </None>
    <None Include="forms\SpaceShipRolling\Battleship.xcf">
      <Filter>Data\Forms\Sources\SpaceShipRolling</Filter>
    </None>
    <None Include="forms\SpaceShipRolling\SpaceShipRolling.tps">
      <Filter>Data\Forms\Sources\SpaceShipRolling</Filter>
    </None>
    <None Include="forms\UFO\1\UFO1.tps">
      <Filter>Data\Forms\Sources\UFO\1</Filter>
    </None>
    <None Include="forms\UFO\2\UFO2.tps">
      <Filter>Data\Forms\Sources\UFO\2</Filter>
    </None>
    <None Include="forms\UFO\3\UFO3.tps">
      <Filter>Data\Forms\Sources\UFO\3</Filter>
    </None>
    <None Include="forms\asteroids8.xcf">
      <Filter>Data\Forms\Sources</Filter>
    </None>
    <None Include="forms\asteroids9.xcf">
      <Filter>Data\Forms\Sources</Filter>
    </None>
    <None Include="forms\asteroids10.xcf">
      <Filter>Data\Forms\Sources</Filter>
    </None>
    <None Include="forms\asteroids11.xcf">
      <Filter>Data\Forms\Sources</Filter>
    </None>
    <None Include="forms\asteroids12.xcf">
      <Filter>Data\Forms\Sources</Filter>
    </None>
    <None Include="forms\asteroids13.xcf">
      <Filter>Data\Forms\Sources</Filter>
    </None>
    <None Include="forms\backgroundspace4.xcf">
      <Filter>Data\Forms\Sources</Filter>
    </None>
    <None Include="forms\backgroundspace5.xcf">
      <Filter>Data\Forms\Sources</Filter>
    </None>
    <None Include="forms\backgroundspace6.xcf">
      <Filter>Data\Forms\Sources</Filter>
    </None>
    <None Include="forms\backgroundspace7.xcf">
      <Filter>Data\Forms\Sources</Filter>
    </None>
    <None Include="forms\battleship.xcf">
      <Filter>Data\Forms\Sources</Filter>
    </None>
    <None Include="forms\battleshiplittle.xcf">
      <Filter>Data\Forms\Sources</Filter>
    </None>
    <None Include="forms\battleshiplives.xcf">
      <Filter>Data\Forms\Sources</Filter>
    </None>
    <None Include="forms\bullets.xcf">
      <Filter>Data\Forms\Sources</Filter>
    </None>
    <None Include="forms\explosion.xcf">
      <Filter>Data\Forms\Sources</Filter>
    </None>
    <None Include="forms\planet1.xcf">
      <Filter>Data\Forms\Sources</Filter>
    </None>
    <None Include="forms\planet2.xcf">
      <Filter>Data\Forms\Sources</Filter>
    </None>
    <None Include="forms\planet3.xcf">
      <Filter>Data\Forms\Sources</Filter>
    </None>
    <None Include="forms\shootings1.xcf">
      <Filter>Data\Forms\Sources</Filter>
    </None>
    <None Include="forms\shootings2.xcf">
      <Filter>Data\Forms\Sources</Filter>
    </None>
    <None Include="forms\shootings3.xcf">
      <Filter>Data\Forms\Sources</Filter>
    </None>
    <None Include="forms\spacebackground.xcf">
      <Filter>Data\Forms\Sources</Filter>
    </None>
    <None Include="forms\spaceship.xcf">
      <Filter>Data\Forms\Sources</Filter>
    </None>
    <None Include="forms\spaceshipleft.xcf">
      <Filter>Data\Forms\Sources</Filter>
    </None>
    <None Include="forms\spaceshipleftdocomo.xcf">
      <Filter>Data\Forms\Sources</Filter>
    </None>
    <None Include="forms\spaceshipright.xcf">
      <Filter>Data\Forms\Sources</Filter>
    </None>
    <None Include="forms\spaceshiprightdocomo.xcf">
      <Filter>Data\Forms\Sources</Filter>
    </None>
    <None Include="forms\spaceshipstay.xcf">
      <Filter>Data\Forms\Sources</Filter>
    </None>
    <None Include="forms\spaceshipstaydocomo.xcf">
      <Filter>Data\Forms\Sources</Filter>
    </None>
  </ItemGroup>
</Project>