<?xml version="1.0" encoding="utf-8"?>
<Project ToolsVersion="4.0" xmlns="http://schemas.microsoft.com/developer/msbuild/2003">
  <ItemGroup>
    <Filter Include="Archivos de código fuente">
      <UniqueIdentifier>{4FC737F1-C7A5-4376-A066-2A32D752A2FF}</UniqueIdentifier>
      <Extensions>cpp;c;cc;cxx;def;odl;idl;hpj;bat;asm;asmx</Extensions>
    </Filter>
    <Filter Include="Archivos de encabezado">
      <UniqueIdentifier>{93995380-89BD-4b04-88EB-625FBE52EBFB}</UniqueIdentifier>
      <Extensions>h;hpp;hxx;hm;inl;inc;xsd</Extensions>
    </Filter>
    <Filter Include="Archivos de recursos">
      <UniqueIdentifier>{67DA6AB6-F800-4c08-8B7A-83BB121AAD01}</UniqueIdentifier>
      <Extensions>rc;ico;cur;bmp;dlg;rc2;rct;bin;rgs;gif;jpg;jpeg;jpe;resx;tiff;tif;png;wav;mfcribbon-ms</Extensions>
    </Filter>
    <Filter Include="Archivos de código fuente\Foundation">
      <UniqueIdentifier>{d3932fe2-5ed8-4410-8ce4-3cffd8a8f832}</UniqueIdentifier>
    </Filter>
    <Filter Include="Archivos de código fuente\Structure">
      <UniqueIdentifier>{037cd039-f218-4ebb-bd92-cda3c6adb186}</UniqueIdentifier>
    </Filter>
    <Filter Include="Archivos de código fuente\Structure\Builders">
      <UniqueIdentifier>{b7d5bebc-2073-4d11-850e-9b4ce5622adf}</UniqueIdentifier>
    </Filter>
    <Filter Include="Archivos de encabezado\Foundation">
      <UniqueIdentifier>{99295c87-036c-43ff-bd5d-7c6b273c37c4}</UniqueIdentifier>
    </Filter>
    <Filter Include="Archivos de encabezado\Structure">
      <UniqueIdentifier>{c4d0e817-4fc4-4bba-a331-e0c841cfe417}</UniqueIdentifier>
    </Filter>
    <Filter Include="Archivos de encabezado\Structure\Builders">
      <UniqueIdentifier>{b19b9f47-3610-4c5b-ae40-e4996971cf85}</UniqueIdentifier>
    </Filter>
    <Filter Include="Archivos de código fuente\Communications">
      <UniqueIdentifier>{2b707481-edde-4e4a-aa03-8b0ba23fb343}</UniqueIdentifier>
    </Filter>
    <Filter Include="Archivos de encabezado\Communications">
      <UniqueIdentifier>{4788ce07-45f3-4622-84db-a74144ef846b}</UniqueIdentifier>
    </Filter>
    <Filter Include="Archivos de código fuente\Media">
      <UniqueIdentifier>{7bf76959-072a-4b7d-ab3e-09da85153553}</UniqueIdentifier>
    </Filter>
    <Filter Include="Archivos de código fuente\Media\Builders">
      <UniqueIdentifier>{212e0034-eef8-4db3-93a9-f39f0583916c}</UniqueIdentifier>
    </Filter>
    <Filter Include="Archivos de encabezado\Media">
      <UniqueIdentifier>{415403ed-ea0c-4807-add5-8374d11fa36f}</UniqueIdentifier>
    </Filter>
    <Filter Include="Archivos de encabezado\Media\Builders">
      <UniqueIdentifier>{db4194d2-730f-4e8b-b44d-07c7d55dada3}</UniqueIdentifier>
    </Filter>
    <Filter Include="Archivos de código fuente\Communications\Builders">
      <UniqueIdentifier>{a7234da3-3785-4089-9c49-a15073809434}</UniqueIdentifier>
    </Filter>
    <Filter Include="Archivos de encabezado\Communications\Builders">
      <UniqueIdentifier>{24a378e1-520a-42df-965f-28ab0228003e}</UniqueIdentifier>
    </Filter>
  </ItemGroup>
  <ItemGroup>
    <ClInclude Include="..\..\include\Arcade\arcadegame.hpp">
      <Filter>Archivos de encabezado\Structure</Filter>
    </ClInclude>
    <ClInclude Include="..\..\include\Arcade\artist.hpp">
      <Filter>Archivos de encabezado\Structure</Filter>
    </ClInclude>
    <ClInclude Include="..\..\include\Arcade\envcondition.hpp">
      <Filter>Archivos de encabezado\Structure</Filter>
    </ClInclude>
    <ClInclude Include="..\..\include\Arcade\layer.hpp">
      <Filter>Archivos de encabezado\Structure</Filter>
    </ClInclude>
    <ClInclude Include="..\..\include\Arcade\map.hpp">
      <Filter>Archivos de encabezado\Structure</Filter>
    </ClInclude>
    <ClInclude Include="..\..\include\Arcade\scene.hpp">
      <Filter>Archivos de encabezado\Structure</Filter>
    </ClInclude>
    <ClInclude Include="..\..\include\Arcade\tile.hpp">
      <Filter>Archivos de encabezado\Structure</Filter>
    </ClInclude>
    <ClInclude Include="..\..\include\Arcade\world.hpp">
      <Filter>Archivos de encabezado\Structure</Filter>
    </ClInclude>
    <ClInclude Include="..\..\include\Arcade\arcaderesourcesgrouploader.hpp">
      <Filter>Archivos de encabezado\Structure\Builders</Filter>
    </ClInclude>
    <ClInclude Include="..\..\include\Arcade\mapbuilder.hpp">
      <Filter>Archivos de encabezado\Structure\Builders</Filter>
    </ClInclude>
    <ClInclude Include="..\..\include\Arcade\worldbuilder.hpp">
      <Filter>Archivos de encabezado\Structure\Builders</Filter>
    </ClInclude>
    <ClInclude Include="..\..\include\Arcade\definitions.hpp">
      <Filter>Archivos de encabezado</Filter>
    </ClInclude>
    <ClInclude Include="..\..\include\Arcade\arcadeinclude.hpp">
      <Filter>Archivos de encabezado</Filter>
    </ClInclude>
    <ClInclude Include="..\..\include\Arcade\fixscreenonartist.hpp">
      <Filter>Archivos de encabezado\Media</Filter>
    </ClInclude>
  </ItemGroup>
  <ItemGroup>
    <ClCompile Include="..\..\src\arcadegame.cpp">
      <Filter>Archivos de código fuente\Structure</Filter>
    </ClCompile>
    <ClCompile Include="..\..\src\artist.cpp">
      <Filter>Archivos de código fuente\Structure</Filter>
    </ClCompile>
    <ClCompile Include="..\..\src\envcondition.cpp">
      <Filter>Archivos de código fuente\Structure</Filter>
    </ClCompile>
    <ClCompile Include="..\..\src\layer.cpp">
      <Filter>Archivos de código fuente\Structure</Filter>
    </ClCompile>
    <ClCompile Include="..\..\src\map.cpp">
      <Filter>Archivos de código fuente\Structure</Filter>
    </ClCompile>
    <ClCompile Include="..\..\src\scene.cpp">
      <Filter>Archivos de código fuente\Structure</Filter>
    </ClCompile>
    <ClCompile Include="..\..\src\tile.cpp">
      <Filter>Archivos de código fuente\Structure</Filter>
    </ClCompile>
    <ClCompile Include="..\..\src\world.cpp">
      <Filter>Archivos de código fuente\Structure</Filter>
    </ClCompile>
    <ClCompile Include="..\..\src\arcaderesourcesgrouploader.cpp">
      <Filter>Archivos de código fuente\Structure\Builders</Filter>
    </ClCompile>
    <ClCompile Include="..\..\src\mapbuilder.cpp">
      <Filter>Archivos de código fuente\Structure\Builders</Filter>
    </ClCompile>
    <ClCompile Include="..\..\src\worldbuilder.cpp">
      <Filter>Archivos de código fuente\Structure\Builders</Filter>
    </ClCompile>
    <ClCompile Include="..\..\src\fixscreenonartist.cpp">
      <Filter>Archivos de código fuente\Media</Filter>
    </ClCompile>
  </ItemGroup>
  <ItemGroup>
    <None Include="ClassDiagram.cd" />
  </ItemGroup>
</Project>