<?xml version="1.0" encoding="utf-8"?>
<Project ToolsVersion="4.0" xmlns="http://schemas.microsoft.com/developer/msbuild/2003">
  <ItemGroup>
    <Filter Include="Archivos de código fuente">
      <UniqueIdentifier>{4FC737F1-C7A5-4376-A066-2A32D752A2FF}</UniqueIdentifier>
      <Extensions>cpp;c;cc;cxx;def;odl;idl;hpj;bat;asm;asmx</Extensions>
    </Filter>
    <Filter Include="Archivos de encabezado">
      <UniqueIdentifier>{93995380-89BD-4b04-88EB-625FBE52EBFB}</UniqueIdentifier>
      <Extensions>h;hpp;hxx;hm;inl;inc;xsd</Extensions>
    </Filter>
    <Filter Include="Archivos de recursos">
      <UniqueIdentifier>{67DA6AB6-F800-4c08-8B7A-83BB121AAD01}</UniqueIdentifier>
      <Extensions>rc;ico;cur;bmp;dlg;rc2;rct;bin;rgs;gif;jpg;jpeg;jpe;resx;tiff;tif;png;wav;mfcribbon-ms</Extensions>
    </Filter>
    <Filter Include="Archivos de encabezado\Foundation">
      <UniqueIdentifier>{e05e4542-7c16-47c7-855c-9ae75adad830}</UniqueIdentifier>
    </Filter>
    <Filter Include="Archivos de encabezado\Structure">
      <UniqueIdentifier>{5b98bee8-d73a-4836-b31c-78e8bb87f477}</UniqueIdentifier>
    </Filter>
    <Filter Include="Archivos de encabezado\Structure\Builders">
      <UniqueIdentifier>{55e3bf98-eadc-4c16-b70d-2c46e37bd27f}</UniqueIdentifier>
    </Filter>
    <Filter Include="Archivos de código fuente\Foundation">
      <UniqueIdentifier>{4f493061-fd68-4c49-903d-6027a3a64fc4}</UniqueIdentifier>
    </Filter>
    <Filter Include="Archivos de código fuente\Structure">
      <UniqueIdentifier>{45b692ff-cb62-458c-960b-119c7942e660}</UniqueIdentifier>
    </Filter>
    <Filter Include="Archivos de código fuente\Structure\Builders">
      <UniqueIdentifier>{66ca07cc-b8e8-47d1-8092-3bc11edbaec2}</UniqueIdentifier>
    </Filter>
    <Filter Include="Archivos de código fuente\Communications">
      <UniqueIdentifier>{d19dbab5-52a8-49ce-ba3d-95439cdef907}</UniqueIdentifier>
    </Filter>
    <Filter Include="Archivos de encabezado\Communications">
      <UniqueIdentifier>{88c659a0-6ec7-43d1-8705-036cf54e9948}</UniqueIdentifier>
    </Filter>
    <Filter Include="Archivos de código fuente\Media">
      <UniqueIdentifier>{09c24e4f-f9cc-4a2f-93bb-1b3262551cf0}</UniqueIdentifier>
    </Filter>
    <Filter Include="Archivos de código fuente\Media\Builders">
      <UniqueIdentifier>{33f2a752-f996-43bd-951e-4497c459b599}</UniqueIdentifier>
    </Filter>
    <Filter Include="Archivos de encabezado\Media">
      <UniqueIdentifier>{0b74bfac-d8ec-45ca-9245-d6fae318b5f5}</UniqueIdentifier>
    </Filter>
    <Filter Include="Archivos de encabezado\Media\Builders">
      <UniqueIdentifier>{80ecfd12-4d67-40fc-af0c-ebc182f2ddaa}</UniqueIdentifier>
    </Filter>
    <Filter Include="Archivos de código fuente\Communications\Builders">
      <UniqueIdentifier>{d4e0180d-32af-4c8f-9685-adbc714c9894}</UniqueIdentifier>
    </Filter>
    <Filter Include="Archivos de encabezado\Communications\Builders">
      <UniqueIdentifier>{51cbba76-5f08-42c5-8316-07ebf5377836}</UniqueIdentifier>
    </Filter>
  </ItemGroup>
  <ItemGroup>
    <Text Include="ReadMe.txt" />
  </ItemGroup>
  <ItemGroup>
    <ClCompile Include="..\..\src\FMOD\fmodsound.cpp">
      <Filter>Archivos de código fuente\Structure</Filter>
    </ClCompile>
    <ClCompile Include="..\..\src\FMOD\fmodsoundbuilder.cpp">
      <Filter>Archivos de código fuente\Structure\Builders</Filter>
    </ClCompile>
  </ItemGroup>
  <ItemGroup>
    <ClInclude Include="..\..\include\FMOD\fmodsound.hpp">
      <Filter>Archivos de encabezado\Structure</Filter>
    </ClInclude>
    <ClInclude Include="..\..\include\FMOD\fmodsoundbuilder.hpp">
      <Filter>Archivos de encabezado\Structure\Builders</Filter>
    </ClInclude>
  </ItemGroup>
  <ItemGroup>
    <None Include="ClassDiagram.cd" />
  </ItemGroup>
</Project>